<?xml version="1.0" encoding="utf-8"?>
<Project ToolsVersion="14.0" xmlns="http://schemas.microsoft.com/developer/msbuild/2003">
  <ItemGroup>
    <ClCompile Include="D:\work\acccn\opencv\modules\flann\src\flann.cpp">
      <Filter>Src</Filter>
    </ClCompile>
    <ClCompile Include="D:\work\acccn\opencv\modules\flann\src\miniflann.cpp">
      <Filter>Src</Filter>
    </ClCompile>
    <ClCompile Include="D:\work\acccn\opencv.builds\modules\flann\opencv_flann_pch.cpp">
      <Filter>Src</Filter>
    </ClCompile>
    <ClCompile Include="D:\work\acccn\opencv.builds\modules\flann\opencv_flann_main.cpp">
      <Filter>Source Files</Filter>
    </ClCompile>
  </ItemGroup>
  <ItemGroup>
    <ClInclude Include="D:\work\acccn\opencv\modules\flann\include\opencv2\flann.hpp">
      <Filter>Include\opencv2</Filter>
    </ClInclude>
    <ClInclude Include="D:\work\acccn\opencv\modules\flann\include\opencv2\flann\all_indices.h">
      <Filter>Include\opencv2\flann</Filter>
    </ClInclude>
    <ClInclude Include="D:\work\acccn\opencv\modules\flann\include\opencv2\flann\allocator.h">
      <Filter>Include\opencv2\flann</Filter>
    </ClInclude>
    <ClInclude Include="D:\work\acccn\opencv\modules\flann\include\opencv2\flann\any.h">
      <Filter>Include\opencv2\flann</Filter>
    </ClInclude>
    <ClInclude Include="D:\work\acccn\opencv\modules\flann\include\opencv2\flann\autotuned_index.h">
      <Filter>Include\opencv2\flann</Filter>
    </ClInclude>
    <ClInclude Include="D:\work\acccn\opencv\modules\flann\include\opencv2\flann\composite_index.h">
      <Filter>Include\opencv2\flann</Filter>
    </ClInclude>
    <ClInclude Include="D:\work\acccn\opencv\modules\flann\include\opencv2\flann\config.h">
      <Filter>Include\opencv2\flann</Filter>
    </ClInclude>
    <ClInclude Include="D:\work\acccn\opencv\modules\flann\include\opencv2\flann\defines.h">
      <Filter>Include\opencv2\flann</Filter>
    </ClInclude>
    <ClInclude Include="D:\work\acccn\opencv\modules\flann\include\opencv2\flann\dist.h">
      <Filter>Include\opencv2\flann</Filter>
    </ClInclude>
    <ClInclude Include="D:\work\acccn\opencv\modules\flann\include\opencv2\flann\dummy.h">
      <Filter>Include\opencv2\flann</Filter>
    </ClInclude>
    <ClInclude Include="D:\work\acccn\opencv\modules\flann\include\opencv2\flann\dynamic_bitset.h">
      <Filter>Include\opencv2\flann</Filter>
    </ClInclude>
    <ClInclude Include="D:\work\acccn\opencv\modules\flann\include\opencv2\flann\flann.hpp">
      <Filter>Include\opencv2\flann</Filter>
    </ClInclude>
    <ClInclude Include="D:\work\acccn\opencv\modules\flann\include\opencv2\flann\flann_base.hpp">
      <Filter>Include\opencv2\flann</Filter>
    </ClInclude>
    <ClInclude Include="D:\work\acccn\opencv\modules\flann\include\opencv2\flann\general.h">
      <Filter>Include\opencv2\flann</Filter>
    </ClInclude>
    <ClInclude Include="D:\work\acccn\opencv\modules\flann\include\opencv2\flann\ground_truth.h">
      <Filter>Include\opencv2\flann</Filter>
    </ClInclude>
    <ClInclude Include="D:\work\acccn\opencv\modules\flann\include\opencv2\flann\hdf5.h">
      <Filter>Include\opencv2\flann</Filter>
    </ClInclude>
    <ClInclude Include="D:\work\acccn\opencv\modules\flann\include\opencv2\flann\heap.h">
      <Filter>Include\opencv2\flann</Filter>
    </ClInclude>
    <ClInclude Include="D:\work\acccn\opencv\modules\flann\include\opencv2\flann\hierarchical_clustering_index.h">
      <Filter>Include\opencv2\flann</Filter>
    </ClInclude>
    <ClInclude Include="D:\work\acccn\opencv\modules\flann\include\opencv2\flann\index_testing.h">
      <Filter>Include\opencv2\flann</Filter>
    </ClInclude>
    <ClInclude Include="D:\work\acccn\opencv\modules\flann\include\opencv2\flann\kdtree_index.h">
      <Filter>Include\opencv2\flann</Filter>
    </ClInclude>
    <ClInclude Include="D:\work\acccn\opencv\modules\flann\include\opencv2\flann\kdtree_single_index.h">
      <Filter>Include\opencv2\flann</Filter>
    </ClInclude>
    <ClInclude Include="D:\work\acccn\opencv\modules\flann\include\opencv2\flann\kmeans_index.h">
      <Filter>Include\opencv2\flann</Filter>
    </ClInclude>
    <ClInclude Include="D:\work\acccn\opencv\modules\flann\include\opencv2\flann\linear_index.h">
      <Filter>Include\opencv2\flann</Filter>
    </ClInclude>
    <ClInclude Include="D:\work\acccn\opencv\modules\flann\include\opencv2\flann\logger.h">
      <Filter>Include\opencv2\flann</Filter>
    </ClInclude>
    <ClInclude Include="D:\work\acccn\opencv\modules\flann\include\opencv2\flann\lsh_index.h">
      <Filter>Include\opencv2\flann</Filter>
    </ClInclude>
    <ClInclude Include="D:\work\acccn\opencv\modules\flann\include\opencv2\flann\lsh_table.h">
      <Filter>Include\opencv2\flann</Filter>
    </ClInclude>
    <ClInclude Include="D:\work\acccn\opencv\modules\flann\include\opencv2\flann\matrix.h">
      <Filter>Include\opencv2\flann</Filter>
    </ClInclude>
    <ClInclude Include="D:\work\acccn\opencv\modules\flann\include\opencv2\flann\miniflann.hpp">
      <Filter>Include\opencv2\flann</Filter>
    </ClInclude>
    <ClInclude Include="D:\work\acccn\opencv\modules\flann\include\opencv2\flann\nn_index.h">
      <Filter>Include\opencv2\flann</Filter>
    </ClInclude>
    <ClInclude Include="D:\work\acccn\opencv\modules\flann\include\opencv2\flann\object_factory.h">
      <Filter>Include\opencv2\flann</Filter>
    </ClInclude>
    <ClInclude Include="D:\work\acccn\opencv\modules\flann\include\opencv2\flann\params.h">
      <Filter>Include\opencv2\flann</Filter>
    </ClInclude>
    <ClInclude Include="D:\work\acccn\opencv\modules\flann\include\opencv2\flann\random.h">
      <Filter>Include\opencv2\flann</Filter>
    </ClInclude>
    <ClInclude Include="D:\work\acccn\opencv\modules\flann\include\opencv2\flann\result_set.h">
      <Filter>Include\opencv2\flann</Filter>
    </ClInclude>
    <ClInclude Include="D:\work\acccn\opencv\modules\flann\include\opencv2\flann\sampling.h">
      <Filter>Include\opencv2\flann</Filter>
    </ClInclude>
    <ClInclude Include="D:\work\acccn\opencv\modules\flann\include\opencv2\flann\saving.h">
      <Filter>Include\opencv2\flann</Filter>
    </ClInclude>
    <ClInclude Include="D:\work\acccn\opencv\modules\flann\include\opencv2\flann\simplex_downhill.h">
      <Filter>Include\opencv2\flann</Filter>
    </ClInclude>
    <ClInclude Include="D:\work\acccn\opencv\modules\flann\include\opencv2\flann\timer.h">
      <Filter>Include\opencv2\flann</Filter>
    </ClInclude>
    <ClInclude Include="D:\work\acccn\opencv\modules\flann\src\precomp.hpp">
      <Filter>Src</Filter>
    </ClInclude>
    <ClInclude Include="D:\work\acccn\opencv.builds\cvconfig.h">
      <Filter>Include</Filter>
    </ClInclude>
    <ClInclude Include="D:\work\acccn\opencv.builds\opencv2\opencv_modules.hpp">
      <Filter>Include</Filter>
    </ClInclude>
  </ItemGroup>
  <ItemGroup>
    <CustomBuild Include="D:\work\acccn\opencv\modules\flann\CMakeLists.txt" />
  </ItemGroup>
  <ItemGroup>
    <ResourceCompile Include="D:\work\acccn\opencv.builds\modules\flann\vs_version.rc">
      <Filter>Src</Filter>
    </ResourceCompile>
  </ItemGroup>
  <ItemGroup>
    <Filter Include="Include">
      <UniqueIdentifier>{D165ACE6-68B9-3D42-A6F6-4BB151A2AC2C}</UniqueIdentifier>
    </Filter>
    <Filter Include="Include\opencv2">
      <UniqueIdentifier>{F26D9B2C-E8A1-3D23-AD09-0A55652B7313}</UniqueIdentifier>
    </Filter>
    <Filter Include="Include\opencv2\flann">
      <UniqueIdentifier>{643FDFCA-F50B-3E97-86D0-942677230717}</UniqueIdentifier>
    </Filter>
    <Filter Include="Source Files">
      <UniqueIdentifier>{6503EC47-8CB0-393C-9613-1E3DB81A3681}</UniqueIdentifier>
    </Filter>
    <Filter Include="Src">
      <UniqueIdentifier>{B2BD6A66-562C-345B-91A4-1E063B19BE1A}</UniqueIdentifier>
    </Filter>
  </ItemGroup>
</Project>
