<?xml version="1.0" encoding="utf-8"?>
<Project ToolsVersion="14.0" xmlns="http://schemas.microsoft.com/developer/msbuild/2003">
  <ItemGroup>
    <CustomBuild Include="D:\work\acccn\opencv.builds\CMakeFiles\182445bab549c0e6d267148c8f05fadb\uninstall.rule">
      <Filter>CMake Rules</Filter>
    </CustomBuild>
    <CustomBuild Include="D:\work\acccn\opencv\CMakeLists.txt" />
  </ItemGroup>
  <ItemGroup>
    <None Include="D:\work\acccn\opencv.builds\CMakeFiles\uninstall" />
  </ItemGroup>
  <ItemGroup>
    <Filter Include="CMake Rules">
      <UniqueIdentifier>{9F04E105-DF61-3A06-82F1-81A8F98FE49C}</UniqueIdentifier>
    </Filter>
  </ItemGroup>
</Project>
