
Microsoft Visual Studio Solution File, Format Version 12.00
# Visual Studio 14
Project("{2150E333-8FDC-42A3-9474-1A3956D46DE8}") = "3rdparty", "3rdparty", "{3916004A-1E27-3E62-A048-1B99508CBFF1}"
EndProject
Project("{2150E333-8FDC-42A3-9474-1A3956D46DE8}") = "CMakeTargets", "CMakeTargets", "{8F8FAA1D-90C1-3D25-BA48-3C342E09251F}"
EndProject
Project("{2150E333-8FDC-42A3-9474-1A3956D46DE8}") = "applications", "applications", "{DFF45DFE-455C-34DA-ADB1-7B291616E767}"
EndProject
Project("{2150E333-8FDC-42A3-9474-1A3956D46DE8}") = "dispatched", "dispatched", "{FE68DD4B-59D3-3565-9699-0CB9C9E8805C}"
EndProject
Project("{2150E333-8FDC-42A3-9474-1A3956D46DE8}") = "modules", "modules", "{587A92F7-BE14-3A74-8493-F20A3067B4A2}"
EndProject
Project("{8BC9CEB8-8B4A-11D0-8D11-00A0C91BC942}") = "ALL_BUILD", "ALL_BUILD.vcxproj", "{C68300BE-C91D-3BA4-BEC9-A4F72188613E}"
	ProjectSection(ProjectDependencies) = postProject
		{0F05B657-9EE4-3A3B-86EF-44F6BCD88FC3} = {0F05B657-9EE4-3A3B-86EF-44F6BCD88FC3}
		{E9EA9B01-3A35-322C-9170-178381E7B01D} = {E9EA9B01-3A35-322C-9170-178381E7B01D}
	EndProjectSection
EndProject
Project("{8BC9CEB8-8B4A-11D0-8D11-00A0C91BC942}") = "INSTALL", "INSTALL.vcxproj", "{107CD407-A2F9-3B01-BFC4-EAFFA8CA8C2B}"
	ProjectSection(ProjectDependencies) = postProject
		{C68300BE-C91D-3BA4-BEC9-A4F72188613E} = {C68300BE-C91D-3BA4-BEC9-A4F72188613E}
		{0F05B657-9EE4-3A3B-86EF-44F6BCD88FC3} = {0F05B657-9EE4-3A3B-86EF-44F6BCD88FC3}
	EndProjectSection
EndProject
Project("{8BC9CEB8-8B4A-11D0-8D11-00A0C91BC942}") = "IlmImf", "..\..\3rdparty\openexr\IlmImf.vcxproj", "{D597465E-32AA-3A4A-92DA-A319BD90D6CE}"
	ProjectSection(ProjectDependencies) = postProject
		{0F05B657-9EE4-3A3B-86EF-44F6BCD88FC3} = {0F05B657-9EE4-3A3B-86EF-44F6BCD88FC3}
		{42917072-0F71-3757-9BB6-0316063300A7} = {42917072-0F71-3757-9BB6-0316063300A7}
	EndProjectSection
EndProject
Project("{8BC9CEB8-8B4A-11D0-8D11-00A0C91BC942}") = "PACKAGE", "PACKAGE.vcxproj", "{D7B5AE29-729D-3D58-BEBE-DB7F39D74213}"
	ProjectSection(ProjectDependencies) = postProject
		{C68300BE-C91D-3BA4-BEC9-A4F72188613E} = {C68300BE-C91D-3BA4-BEC9-A4F72188613E}
		{0F05B657-9EE4-3A3B-86EF-44F6BCD88FC3} = {0F05B657-9EE4-3A3B-86EF-44F6BCD88FC3}
	EndProjectSection
EndProject
Project("{8BC9CEB8-8B4A-11D0-8D11-00A0C91BC942}") = "RUN_TESTS", "RUN_TESTS.vcxproj", "{C0D4406D-9AA5-313B-8F7A-C6A5D944D9BB}"
	ProjectSection(ProjectDependencies) = postProject
		{0F05B657-9EE4-3A3B-86EF-44F6BCD88FC3} = {0F05B657-9EE4-3A3B-86EF-44F6BCD88FC3}
	EndProjectSection
EndProject
Project("{8BC9CEB8-8B4A-11D0-8D11-00A0C91BC942}") = "ZERO_CHECK", "..\..\\ZERO_CHECK.vcxproj", "{0F05B657-9EE4-3A3B-86EF-44F6BCD88FC3}"
	ProjectSection(ProjectDependencies) = postProject
	EndProjectSection
EndProject
Project("{8BC9CEB8-8B4A-11D0-8D11-00A0C91BC942}") = "libjasper", "..\..\3rdparty\libjasper\libjasper.vcxproj", "{D8C212A3-2B1D-3133-92C1-6AB5F9E6F577}"
	ProjectSection(ProjectDependencies) = postProject
		{0F05B657-9EE4-3A3B-86EF-44F6BCD88FC3} = {0F05B657-9EE4-3A3B-86EF-44F6BCD88FC3}
	EndProjectSection
EndProject
Project("{8BC9CEB8-8B4A-11D0-8D11-00A0C91BC942}") = "libjpeg-turbo", "..\..\3rdparty\libjpeg-turbo\libjpeg-turbo.vcxproj", "{703D7DFA-BFFB-3DBA-9DAC-DCE44C8B7192}"
	ProjectSection(ProjectDependencies) = postProject
		{0F05B657-9EE4-3A3B-86EF-44F6BCD88FC3} = {0F05B657-9EE4-3A3B-86EF-44F6BCD88FC3}
	EndProjectSection
EndProject
Project("{8BC9CEB8-8B4A-11D0-8D11-00A0C91BC942}") = "libpng", "..\..\3rdparty\libpng\libpng.vcxproj", "{B40A937E-87B0-3497-9CED-1A6E6EF29F76}"
	ProjectSection(ProjectDependencies) = postProject
		{0F05B657-9EE4-3A3B-86EF-44F6BCD88FC3} = {0F05B657-9EE4-3A3B-86EF-44F6BCD88FC3}
		{42917072-0F71-3757-9BB6-0316063300A7} = {42917072-0F71-3757-9BB6-0316063300A7}
	EndProjectSection
EndProject
Project("{8BC9CEB8-8B4A-11D0-8D11-00A0C91BC942}") = "libtiff", "..\..\3rdparty\libtiff\libtiff.vcxproj", "{1BC34ACE-A91E-3803-8399-F8EEA7395289}"
	ProjectSection(ProjectDependencies) = postProject
		{0F05B657-9EE4-3A3B-86EF-44F6BCD88FC3} = {0F05B657-9EE4-3A3B-86EF-44F6BCD88FC3}
		{42917072-0F71-3757-9BB6-0316063300A7} = {42917072-0F71-3757-9BB6-0316063300A7}
	EndProjectSection
EndProject
Project("{8BC9CEB8-8B4A-11D0-8D11-00A0C91BC942}") = "libwebp", "..\..\3rdparty\libwebp\libwebp.vcxproj", "{71E5A2D3-65A0-3769-95D7-170CA314A97C}"
	ProjectSection(ProjectDependencies) = postProject
		{0F05B657-9EE4-3A3B-86EF-44F6BCD88FC3} = {0F05B657-9EE4-3A3B-86EF-44F6BCD88FC3}
	EndProjectSection
EndProject
Project("{8BC9CEB8-8B4A-11D0-8D11-00A0C91BC942}") = "opencv_annotation", "opencv_annotation.vcxproj", "{E9EA9B01-3A35-322C-9170-178381E7B01D}"
	ProjectSection(ProjectDependencies) = postProject
		{0F05B657-9EE4-3A3B-86EF-44F6BCD88FC3} = {0F05B657-9EE4-3A3B-86EF-44F6BCD88FC3}
		{17EE1C0C-86E7-3C08-829B-81414BAB2AA4} = {17EE1C0C-86E7-3C08-829B-81414BAB2AA4}
		{1A5B3372-19BA-336A-83DF-0F41B9D1DE25} = {1A5B3372-19BA-336A-83DF-0F41B9D1DE25}
		{F8EBD9A3-49D7-3312-A895-60A901FAA5F6} = {F8EBD9A3-49D7-3312-A895-60A901FAA5F6}
		{80538364-22AA-3A4F-9369-87134DCD1436} = {80538364-22AA-3A4F-9369-87134DCD1436}
		{D64FEE0B-928C-3416-9C86-A6A6F079ED36} = {D64FEE0B-928C-3416-9C86-A6A6F079ED36}
	EndProjectSection
EndProject
Project("{8BC9CEB8-8B4A-11D0-8D11-00A0C91BC942}") = "opencv_core", "..\..\modules\core\opencv_core.vcxproj", "{17EE1C0C-86E7-3C08-829B-81414BAB2AA4}"
	ProjectSection(ProjectDependencies) = postProject
		{0F05B657-9EE4-3A3B-86EF-44F6BCD88FC3} = {0F05B657-9EE4-3A3B-86EF-44F6BCD88FC3}
		{A663B9A2-37BC-3838-AD0B-2DD801C0E14F} = {A663B9A2-37BC-3838-AD0B-2DD801C0E14F}
		{334C2F21-F671-3294-A67D-72C2E9D7F8E5} = {334C2F21-F671-3294-A67D-72C2E9D7F8E5}
		{563BEC20-39D0-33A6-A8E9-8E76D545FAD7} = {563BEC20-39D0-33A6-A8E9-8E76D545FAD7}
		{42917072-0F71-3757-9BB6-0316063300A7} = {42917072-0F71-3757-9BB6-0316063300A7}
	EndProjectSection
EndProject
Project("{8BC9CEB8-8B4A-11D0-8D11-00A0C91BC942}") = "opencv_core_AVX", "..\..\modules\core\opencv_core_AVX.vcxproj", "{A663B9A2-37BC-3838-AD0B-2DD801C0E14F}"
	ProjectSection(ProjectDependencies) = postProject
		{0F05B657-9EE4-3A3B-86EF-44F6BCD88FC3} = {0F05B657-9EE4-3A3B-86EF-44F6BCD88FC3}
	EndProjectSection
EndProject
Project("{8BC9CEB8-8B4A-11D0-8D11-00A0C91BC942}") = "opencv_core_SSE4_1", "..\..\modules\core\opencv_core_SSE4_1.vcxproj", "{334C2F21-F671-3294-A67D-72C2E9D7F8E5}"
	ProjectSection(ProjectDependencies) = postProject
		{0F05B657-9EE4-3A3B-86EF-44F6BCD88FC3} = {0F05B657-9EE4-3A3B-86EF-44F6BCD88FC3}
	EndProjectSection
EndProject
Project("{8BC9CEB8-8B4A-11D0-8D11-00A0C91BC942}") = "opencv_core_SSE4_2", "..\..\modules\core\opencv_core_SSE4_2.vcxproj", "{563BEC20-39D0-33A6-A8E9-8E76D545FAD7}"
	ProjectSection(ProjectDependencies) = postProject
		{0F05B657-9EE4-3A3B-86EF-44F6BCD88FC3} = {0F05B657-9EE4-3A3B-86EF-44F6BCD88FC3}
	EndProjectSection
EndProject
Project("{8BC9CEB8-8B4A-11D0-8D11-00A0C91BC942}") = "opencv_highgui", "..\..\modules\highgui\opencv_highgui.vcxproj", "{1A5B3372-19BA-336A-83DF-0F41B9D1DE25}"
	ProjectSection(ProjectDependencies) = postProject
		{0F05B657-9EE4-3A3B-86EF-44F6BCD88FC3} = {0F05B657-9EE4-3A3B-86EF-44F6BCD88FC3}
		{17EE1C0C-86E7-3C08-829B-81414BAB2AA4} = {17EE1C0C-86E7-3C08-829B-81414BAB2AA4}
		{F8EBD9A3-49D7-3312-A895-60A901FAA5F6} = {F8EBD9A3-49D7-3312-A895-60A901FAA5F6}
		{80538364-22AA-3A4F-9369-87134DCD1436} = {80538364-22AA-3A4F-9369-87134DCD1436}
		{D64FEE0B-928C-3416-9C86-A6A6F079ED36} = {D64FEE0B-928C-3416-9C86-A6A6F079ED36}
	EndProjectSection
EndProject
Project("{8BC9CEB8-8B4A-11D0-8D11-00A0C91BC942}") = "opencv_imgcodecs", "..\..\modules\imgcodecs\opencv_imgcodecs.vcxproj", "{F8EBD9A3-49D7-3312-A895-60A901FAA5F6}"
	ProjectSection(ProjectDependencies) = postProject
		{D597465E-32AA-3A4A-92DA-A319BD90D6CE} = {D597465E-32AA-3A4A-92DA-A319BD90D6CE}
		{0F05B657-9EE4-3A3B-86EF-44F6BCD88FC3} = {0F05B657-9EE4-3A3B-86EF-44F6BCD88FC3}
		{D8C212A3-2B1D-3133-92C1-6AB5F9E6F577} = {D8C212A3-2B1D-3133-92C1-6AB5F9E6F577}
		{703D7DFA-BFFB-3DBA-9DAC-DCE44C8B7192} = {703D7DFA-BFFB-3DBA-9DAC-DCE44C8B7192}
		{B40A937E-87B0-3497-9CED-1A6E6EF29F76} = {B40A937E-87B0-3497-9CED-1A6E6EF29F76}
		{1BC34ACE-A91E-3803-8399-F8EEA7395289} = {1BC34ACE-A91E-3803-8399-F8EEA7395289}
		{71E5A2D3-65A0-3769-95D7-170CA314A97C} = {71E5A2D3-65A0-3769-95D7-170CA314A97C}
		{17EE1C0C-86E7-3C08-829B-81414BAB2AA4} = {17EE1C0C-86E7-3C08-829B-81414BAB2AA4}
		{80538364-22AA-3A4F-9369-87134DCD1436} = {80538364-22AA-3A4F-9369-87134DCD1436}
		{42917072-0F71-3757-9BB6-0316063300A7} = {42917072-0F71-3757-9BB6-0316063300A7}
	EndProjectSection
EndProject
Project("{8BC9CEB8-8B4A-11D0-8D11-00A0C91BC942}") = "opencv_imgproc", "..\..\modules\imgproc\opencv_imgproc.vcxproj", "{80538364-22AA-3A4F-9369-87134DCD1436}"
	ProjectSection(ProjectDependencies) = postProject
		{0F05B657-9EE4-3A3B-86EF-44F6BCD88FC3} = {0F05B657-9EE4-3A3B-86EF-44F6BCD88FC3}
		{17EE1C0C-86E7-3C08-829B-81414BAB2AA4} = {17EE1C0C-86E7-3C08-829B-81414BAB2AA4}
		{912BA6AF-2706-3B06-B5E3-30CF6F8B0F97} = {912BA6AF-2706-3B06-B5E3-30CF6F8B0F97}
		{26CD1AA8-00B6-306C-A72F-CC6FDB47FE6B} = {26CD1AA8-00B6-306C-A72F-CC6FDB47FE6B}
	EndProjectSection
EndProject
Project("{8BC9CEB8-8B4A-11D0-8D11-00A0C91BC942}") = "opencv_imgproc_AVX", "..\..\modules\imgproc\opencv_imgproc_AVX.vcxproj", "{912BA6AF-2706-3B06-B5E3-30CF6F8B0F97}"
	ProjectSection(ProjectDependencies) = postProject
		{0F05B657-9EE4-3A3B-86EF-44F6BCD88FC3} = {0F05B657-9EE4-3A3B-86EF-44F6BCD88FC3}
	EndProjectSection
EndProject
Project("{8BC9CEB8-8B4A-11D0-8D11-00A0C91BC942}") = "opencv_imgproc_SSE4_1", "..\..\modules\imgproc\opencv_imgproc_SSE4_1.vcxproj", "{26CD1AA8-00B6-306C-A72F-CC6FDB47FE6B}"
	ProjectSection(ProjectDependencies) = postProject
		{0F05B657-9EE4-3A3B-86EF-44F6BCD88FC3} = {0F05B657-9EE4-3A3B-86EF-44F6BCD88FC3}
	EndProjectSection
EndProject
Project("{8BC9CEB8-8B4A-11D0-8D11-00A0C91BC942}") = "opencv_videoio", "..\..\modules\videoio\opencv_videoio.vcxproj", "{D64FEE0B-928C-3416-9C86-A6A6F079ED36}"
	ProjectSection(ProjectDependencies) = postProject
		{0F05B657-9EE4-3A3B-86EF-44F6BCD88FC3} = {0F05B657-9EE4-3A3B-86EF-44F6BCD88FC3}
		{17EE1C0C-86E7-3C08-829B-81414BAB2AA4} = {17EE1C0C-86E7-3C08-829B-81414BAB2AA4}
		{F8EBD9A3-49D7-3312-A895-60A901FAA5F6} = {F8EBD9A3-49D7-3312-A895-60A901FAA5F6}
		{80538364-22AA-3A4F-9369-87134DCD1436} = {80538364-22AA-3A4F-9369-87134DCD1436}
	EndProjectSection
EndProject
Project("{8BC9CEB8-8B4A-11D0-8D11-00A0C91BC942}") = "zlib", "..\..\3rdparty\zlib\zlib.vcxproj", "{42917072-0F71-3757-9BB6-0316063300A7}"
	ProjectSection(ProjectDependencies) = postProject
		{0F05B657-9EE4-3A3B-86EF-44F6BCD88FC3} = {0F05B657-9EE4-3A3B-86EF-44F6BCD88FC3}
	EndProjectSection
EndProject
Global
	GlobalSection(SolutionConfigurationPlatforms) = preSolution
		Debug|Win32 = Debug|Win32
		Release|Win32 = Release|Win32
	EndGlobalSection
	GlobalSection(ProjectConfigurationPlatforms) = postSolution
		{C68300BE-C91D-3BA4-BEC9-A4F72188613E}.Debug|Win32.ActiveCfg = Debug|Win32
		{C68300BE-C91D-3BA4-BEC9-A4F72188613E}.Debug|Win32.Build.0 = Debug|Win32
		{C68300BE-C91D-3BA4-BEC9-A4F72188613E}.Release|Win32.ActiveCfg = Release|Win32
		{C68300BE-C91D-3BA4-BEC9-A4F72188613E}.Release|Win32.Build.0 = Release|Win32
		{107CD407-A2F9-3B01-BFC4-EAFFA8CA8C2B}.Debug|Win32.ActiveCfg = Debug|Win32
		{107CD407-A2F9-3B01-BFC4-EAFFA8CA8C2B}.Release|Win32.ActiveCfg = Release|Win32
		{D597465E-32AA-3A4A-92DA-A319BD90D6CE}.Debug|Win32.ActiveCfg = Debug|Win32
		{D597465E-32AA-3A4A-92DA-A319BD90D6CE}.Debug|Win32.Build.0 = Debug|Win32
		{D597465E-32AA-3A4A-92DA-A319BD90D6CE}.Release|Win32.ActiveCfg = Release|Win32
		{D597465E-32AA-3A4A-92DA-A319BD90D6CE}.Release|Win32.Build.0 = Release|Win32
		{D7B5AE29-729D-3D58-BEBE-DB7F39D74213}.Debug|Win32.ActiveCfg = Debug|Win32
		{D7B5AE29-729D-3D58-BEBE-DB7F39D74213}.Release|Win32.ActiveCfg = Release|Win32
		{C0D4406D-9AA5-313B-8F7A-C6A5D944D9BB}.Debug|Win32.ActiveCfg = Debug|Win32
		{C0D4406D-9AA5-313B-8F7A-C6A5D944D9BB}.Release|Win32.ActiveCfg = Release|Win32
		{0F05B657-9EE4-3A3B-86EF-44F6BCD88FC3}.Debug|Win32.ActiveCfg = Debug|Win32
		{0F05B657-9EE4-3A3B-86EF-44F6BCD88FC3}.Debug|Win32.Build.0 = Debug|Win32
		{0F05B657-9EE4-3A3B-86EF-44F6BCD88FC3}.Release|Win32.ActiveCfg = Release|Win32
		{0F05B657-9EE4-3A3B-86EF-44F6BCD88FC3}.Release|Win32.Build.0 = Release|Win32
		{D8C212A3-2B1D-3133-92C1-6AB5F9E6F577}.Debug|Win32.ActiveCfg = Debug|Win32
		{D8C212A3-2B1D-3133-92C1-6AB5F9E6F577}.Debug|Win32.Build.0 = Debug|Win32
		{D8C212A3-2B1D-3133-92C1-6AB5F9E6F577}.Release|Win32.ActiveCfg = Release|Win32
		{D8C212A3-2B1D-3133-92C1-6AB5F9E6F577}.Release|Win32.Build.0 = Release|Win32
		{703D7DFA-BFFB-3DBA-9DAC-DCE44C8B7192}.Debug|Win32.ActiveCfg = Debug|Win32
		{703D7DFA-BFFB-3DBA-9DAC-DCE44C8B7192}.Debug|Win32.Build.0 = Debug|Win32
		{703D7DFA-BFFB-3DBA-9DAC-DCE44C8B7192}.Release|Win32.ActiveCfg = Release|Win32
		{703D7DFA-BFFB-3DBA-9DAC-DCE44C8B7192}.Release|Win32.Build.0 = Release|Win32
		{B40A937E-87B0-3497-9CED-1A6E6EF29F76}.Debug|Win32.ActiveCfg = Debug|Win32
		{B40A937E-87B0-3497-9CED-1A6E6EF29F76}.Debug|Win32.Build.0 = Debug|Win32
		{B40A937E-87B0-3497-9CED-1A6E6EF29F76}.Release|Win32.ActiveCfg = Release|Win32
		{B40A937E-87B0-3497-9CED-1A6E6EF29F76}.Release|Win32.Build.0 = Release|Win32
		{1BC34ACE-A91E-3803-8399-F8EEA7395289}.Debug|Win32.ActiveCfg = Debug|Win32
		{1BC34ACE-A91E-3803-8399-F8EEA7395289}.Debug|Win32.Build.0 = Debug|Win32
		{1BC34ACE-A91E-3803-8399-F8EEA7395289}.Release|Win32.ActiveCfg = Release|Win32
		{1BC34ACE-A91E-3803-8399-F8EEA7395289}.Release|Win32.Build.0 = Release|Win32
		{71E5A2D3-65A0-3769-95D7-170CA314A97C}.Debug|Win32.ActiveCfg = Debug|Win32
		{71E5A2D3-65A0-3769-95D7-170CA314A97C}.Debug|Win32.Build.0 = Debug|Win32
		{71E5A2D3-65A0-3769-95D7-170CA314A97C}.Release|Win32.ActiveCfg = Release|Win32
		{71E5A2D3-65A0-3769-95D7-170CA314A97C}.Release|Win32.Build.0 = Release|Win32
		{E9EA9B01-3A35-322C-9170-178381E7B01D}.Debug|Win32.ActiveCfg = Debug|Win32
		{E9EA9B01-3A35-322C-9170-178381E7B01D}.Debug|Win32.Build.0 = Debug|Win32
		{E9EA9B01-3A35-322C-9170-178381E7B01D}.Release|Win32.ActiveCfg = Release|Win32
		{E9EA9B01-3A35-322C-9170-178381E7B01D}.Release|Win32.Build.0 = Release|Win32
		{17EE1C0C-86E7-3C08-829B-81414BAB2AA4}.Debug|Win32.ActiveCfg = Debug|Win32
		{17EE1C0C-86E7-3C08-829B-81414BAB2AA4}.Debug|Win32.Build.0 = Debug|Win32
		{17EE1C0C-86E7-3C08-829B-81414BAB2AA4}.Release|Win32.ActiveCfg = Release|Win32
		{17EE1C0C-86E7-3C08-829B-81414BAB2AA4}.Release|Win32.Build.0 = Release|Win32
		{A663B9A2-37BC-3838-AD0B-2DD801C0E14F}.Debug|Win32.ActiveCfg = Debug|Win32
		{A663B9A2-37BC-3838-AD0B-2DD801C0E14F}.Debug|Win32.Build.0 = Debug|Win32
		{A663B9A2-37BC-3838-AD0B-2DD801C0E14F}.Release|Win32.ActiveCfg = Release|Win32
		{A663B9A2-37BC-3838-AD0B-2DD801C0E14F}.Release|Win32.Build.0 = Release|Win32
		{334C2F21-F671-3294-A67D-72C2E9D7F8E5}.Debug|Win32.ActiveCfg = Debug|Win32
		{334C2F21-F671-3294-A67D-72C2E9D7F8E5}.Debug|Win32.Build.0 = Debug|Win32
		{334C2F21-F671-3294-A67D-72C2E9D7F8E5}.Release|Win32.ActiveCfg = Release|Win32
		{334C2F21-F671-3294-A67D-72C2E9D7F8E5}.Release|Win32.Build.0 = Release|Win32
		{563BEC20-39D0-33A6-A8E9-8E76D545FAD7}.Debug|Win32.ActiveCfg = Debug|Win32
		{563BEC20-39D0-33A6-A8E9-8E76D545FAD7}.Debug|Win32.Build.0 = Debug|Win32
		{563BEC20-39D0-33A6-A8E9-8E76D545FAD7}.Release|Win32.ActiveCfg = Release|Win32
		{563BEC20-39D0-33A6-A8E9-8E76D545FAD7}.Release|Win32.Build.0 = Release|Win32
		{1A5B3372-19BA-336A-83DF-0F41B9D1DE25}.Debug|Win32.ActiveCfg = Debug|Win32
		{1A5B3372-19BA-336A-83DF-0F41B9D1DE25}.Debug|Win32.Build.0 = Debug|Win32
		{1A5B3372-19BA-336A-83DF-0F41B9D1DE25}.Release|Win32.ActiveCfg = Release|Win32
		{1A5B3372-19BA-336A-83DF-0F41B9D1DE25}.Release|Win32.Build.0 = Release|Win32
		{F8EBD9A3-49D7-3312-A895-60A901FAA5F6}.Debug|Win32.ActiveCfg = Debug|Win32
		{F8EBD9A3-49D7-3312-A895-60A901FAA5F6}.Debug|Win32.Build.0 = Debug|Win32
		{F8EBD9A3-49D7-3312-A895-60A901FAA5F6}.Release|Win32.ActiveCfg = Release|Win32
		{F8EBD9A3-49D7-3312-A895-60A901FAA5F6}.Release|Win32.Build.0 = Release|Win32
		{80538364-22AA-3A4F-9369-87134DCD1436}.Debug|Win32.ActiveCfg = Debug|Win32
		{80538364-22AA-3A4F-9369-87134DCD1436}.Debug|Win32.Build.0 = Debug|Win32
		{80538364-22AA-3A4F-9369-87134DCD1436}.Release|Win32.ActiveCfg = Release|Win32
		{80538364-22AA-3A4F-9369-87134DCD1436}.Release|Win32.Build.0 = Release|Win32
		{912BA6AF-2706-3B06-B5E3-30CF6F8B0F97}.Debug|Win32.ActiveCfg = Debug|Win32
		{912BA6AF-2706-3B06-B5E3-30CF6F8B0F97}.Debug|Win32.Build.0 = Debug|Win32
		{912BA6AF-2706-3B06-B5E3-30CF6F8B0F97}.Release|Win32.ActiveCfg = Release|Win32
		{912BA6AF-2706-3B06-B5E3-30CF6F8B0F97}.Release|Win32.Build.0 = Release|Win32
		{26CD1AA8-00B6-306C-A72F-CC6FDB47FE6B}.Debug|Win32.ActiveCfg = Debug|Win32
		{26CD1AA8-00B6-306C-A72F-CC6FDB47FE6B}.Debug|Win32.Build.0 = Debug|Win32
		{26CD1AA8-00B6-306C-A72F-CC6FDB47FE6B}.Release|Win32.ActiveCfg = Release|Win32
		{26CD1AA8-00B6-306C-A72F-CC6FDB47FE6B}.Release|Win32.Build.0 = Release|Win32
		{D64FEE0B-928C-3416-9C86-A6A6F079ED36}.Debug|Win32.ActiveCfg = Debug|Win32
		{D64FEE0B-928C-3416-9C86-A6A6F079ED36}.Debug|Win32.Build.0 = Debug|Win32
		{D64FEE0B-928C-3416-9C86-A6A6F079ED36}.Release|Win32.ActiveCfg = Release|Win32
		{D64FEE0B-928C-3416-9C86-A6A6F079ED36}.Release|Win32.Build.0 = Release|Win32
		{42917072-0F71-3757-9BB6-0316063300A7}.Debug|Win32.ActiveCfg = Debug|Win32
		{42917072-0F71-3757-9BB6-0316063300A7}.Debug|Win32.Build.0 = Debug|Win32
		{42917072-0F71-3757-9BB6-0316063300A7}.Release|Win32.ActiveCfg = Release|Win32
		{42917072-0F71-3757-9BB6-0316063300A7}.Release|Win32.Build.0 = Release|Win32
	EndGlobalSection
	GlobalSection(NestedProjects) = preSolution
		{D597465E-32AA-3A4A-92DA-A319BD90D6CE} = {3916004A-1E27-3E62-A048-1B99508CBFF1}
		{D8C212A3-2B1D-3133-92C1-6AB5F9E6F577} = {3916004A-1E27-3E62-A048-1B99508CBFF1}
		{703D7DFA-BFFB-3DBA-9DAC-DCE44C8B7192} = {3916004A-1E27-3E62-A048-1B99508CBFF1}
		{B40A937E-87B0-3497-9CED-1A6E6EF29F76} = {3916004A-1E27-3E62-A048-1B99508CBFF1}
		{1BC34ACE-A91E-3803-8399-F8EEA7395289} = {3916004A-1E27-3E62-A048-1B99508CBFF1}
		{71E5A2D3-65A0-3769-95D7-170CA314A97C} = {3916004A-1E27-3E62-A048-1B99508CBFF1}
		{42917072-0F71-3757-9BB6-0316063300A7} = {3916004A-1E27-3E62-A048-1B99508CBFF1}
		{C68300BE-C91D-3BA4-BEC9-A4F72188613E} = {8F8FAA1D-90C1-3D25-BA48-3C342E09251F}
		{107CD407-A2F9-3B01-BFC4-EAFFA8CA8C2B} = {8F8FAA1D-90C1-3D25-BA48-3C342E09251F}
		{D7B5AE29-729D-3D58-BEBE-DB7F39D74213} = {8F8FAA1D-90C1-3D25-BA48-3C342E09251F}
		{C0D4406D-9AA5-313B-8F7A-C6A5D944D9BB} = {8F8FAA1D-90C1-3D25-BA48-3C342E09251F}
		{0F05B657-9EE4-3A3B-86EF-44F6BCD88FC3} = {8F8FAA1D-90C1-3D25-BA48-3C342E09251F}
		{E9EA9B01-3A35-322C-9170-178381E7B01D} = {DFF45DFE-455C-34DA-ADB1-7B291616E767}
		{A663B9A2-37BC-3838-AD0B-2DD801C0E14F} = {FE68DD4B-59D3-3565-9699-0CB9C9E8805C}
		{334C2F21-F671-3294-A67D-72C2E9D7F8E5} = {FE68DD4B-59D3-3565-9699-0CB9C9E8805C}
		{563BEC20-39D0-33A6-A8E9-8E76D545FAD7} = {FE68DD4B-59D3-3565-9699-0CB9C9E8805C}
		{912BA6AF-2706-3B06-B5E3-30CF6F8B0F97} = {FE68DD4B-59D3-3565-9699-0CB9C9E8805C}
		{26CD1AA8-00B6-306C-A72F-CC6FDB47FE6B} = {FE68DD4B-59D3-3565-9699-0CB9C9E8805C}
		{17EE1C0C-86E7-3C08-829B-81414BAB2AA4} = {587A92F7-BE14-3A74-8493-F20A3067B4A2}
		{1A5B3372-19BA-336A-83DF-0F41B9D1DE25} = {587A92F7-BE14-3A74-8493-F20A3067B4A2}
		{F8EBD9A3-49D7-3312-A895-60A901FAA5F6} = {587A92F7-BE14-3A74-8493-F20A3067B4A2}
		{80538364-22AA-3A4F-9369-87134DCD1436} = {587A92F7-BE14-3A74-8493-F20A3067B4A2}
		{D64FEE0B-928C-3416-9C86-A6A6F079ED36} = {587A92F7-BE14-3A74-8493-F20A3067B4A2}
	EndGlobalSection
	GlobalSection(ExtensibilityGlobals) = postSolution
		SolutionGuid = {8C4F5AA6-0629-3344-B826-F9E5D237967A}
	EndGlobalSection
	GlobalSection(ExtensibilityAddIns) = postSolution
	EndGlobalSection
EndGlobal
