<?xml version="1.0" encoding="utf-8"?>
<Project ToolsVersion="14.0" xmlns="http://schemas.microsoft.com/developer/msbuild/2003">
  <ItemGroup>
    <ClCompile Include="D:\work\acccn\opencv\modules\video\src\bgfg_KNN.cpp">
      <Filter>Src</Filter>
    </ClCompile>
    <ClCompile Include="D:\work\acccn\opencv\modules\video\src\bgfg_gaussmix2.cpp">
      <Filter>Src</Filter>
    </ClCompile>
    <ClCompile Include="D:\work\acccn\opencv\modules\video\src\camshift.cpp">
      <Filter>Src</Filter>
    </ClCompile>
    <ClCompile Include="D:\work\acccn\opencv\modules\video\src\dis_flow.cpp">
      <Filter>Src</Filter>
    </ClCompile>
    <ClCompile Include="D:\work\acccn\opencv\modules\video\src\ecc.cpp">
      <Filter>Src</Filter>
    </ClCompile>
    <ClCompile Include="D:\work\acccn\opencv\modules\video\src\kalman.cpp">
      <Filter>Src</Filter>
    </ClCompile>
    <ClCompile Include="D:\work\acccn\opencv\modules\video\src\lkpyramid.cpp">
      <Filter>Src</Filter>
    </ClCompile>
    <ClCompile Include="D:\work\acccn\opencv\modules\video\src\optflowgf.cpp">
      <Filter>Src</Filter>
    </ClCompile>
    <ClCompile Include="D:\work\acccn\opencv\modules\video\src\optical_flow_io.cpp">
      <Filter>Src</Filter>
    </ClCompile>
    <ClCompile Include="D:\work\acccn\opencv\modules\video\src\variational_refinement.cpp">
      <Filter>Src</Filter>
    </ClCompile>
    <ClCompile Include="D:\work\acccn\opencv.builds\modules\video\opencl_kernels_video.cpp">
      <Filter>Src\opencl\kernels\autogenerated</Filter>
    </ClCompile>
    <ClCompile Include="D:\work\acccn\opencv.builds\modules\video\opencv_video_pch.cpp">
      <Filter>Src</Filter>
    </ClCompile>
    <ClCompile Include="D:\work\acccn\opencv.builds\modules\video\opencv_video_main.cpp">
      <Filter>Source Files</Filter>
    </ClCompile>
  </ItemGroup>
  <ItemGroup>
    <ClInclude Include="D:\work\acccn\opencv\modules\video\include\opencv2\video.hpp">
      <Filter>Include\opencv2</Filter>
    </ClInclude>
    <ClInclude Include="D:\work\acccn\opencv\modules\video\include\opencv2\video\background_segm.hpp">
      <Filter>Include\opencv2\video</Filter>
    </ClInclude>
    <ClInclude Include="D:\work\acccn\opencv\modules\video\include\opencv2\video\legacy\constants_c.h">
      <Filter>Include\opencv2\video\legacy</Filter>
    </ClInclude>
    <ClInclude Include="D:\work\acccn\opencv\modules\video\include\opencv2\video\tracking.hpp">
      <Filter>Include\opencv2\video</Filter>
    </ClInclude>
    <ClInclude Include="D:\work\acccn\opencv\modules\video\include\opencv2\video\video.hpp">
      <Filter>Include\opencv2\video</Filter>
    </ClInclude>
    <ClInclude Include="D:\work\acccn\opencv.builds\modules\video\opencl_kernels_video.hpp">
      <Filter>Src\opencl\kernels\autogenerated</Filter>
    </ClInclude>
    <ClInclude Include="D:\work\acccn\opencv\modules\video\src\lkpyramid.hpp">
      <Filter>Src</Filter>
    </ClInclude>
    <ClInclude Include="D:\work\acccn\opencv\modules\video\src\precomp.hpp">
      <Filter>Src</Filter>
    </ClInclude>
    <ClInclude Include="D:\work\acccn\opencv.builds\cvconfig.h">
      <Filter>Include</Filter>
    </ClInclude>
    <ClInclude Include="D:\work\acccn\opencv.builds\opencv2\opencv_modules.hpp">
      <Filter>Include</Filter>
    </ClInclude>
  </ItemGroup>
  <ItemGroup>
    <CustomBuild Include="D:\work\acccn\opencv.builds\CMakeFiles\217757e8d0cfc9256c720eb789a4d25b\opencl_kernels_video.cpp.rule">
      <Filter>CMake Rules</Filter>
    </CustomBuild>
    <CustomBuild Include="D:\work\acccn\opencv\modules\video\CMakeLists.txt" />
  </ItemGroup>
  <ItemGroup>
    <None Include="D:\work\acccn\opencv\modules\video\src\opencl\bgfg_knn.cl">
      <Filter>Src\opencl\kernels</Filter>
    </None>
    <None Include="D:\work\acccn\opencv\modules\video\src\opencl\bgfg_mog2.cl">
      <Filter>Src\opencl\kernels</Filter>
    </None>
    <None Include="D:\work\acccn\opencv\modules\video\src\opencl\dis_flow.cl">
      <Filter>Src\opencl\kernels</Filter>
    </None>
    <None Include="D:\work\acccn\opencv\modules\video\src\opencl\optical_flow_farneback.cl">
      <Filter>Src\opencl\kernels</Filter>
    </None>
    <None Include="D:\work\acccn\opencv\modules\video\src\opencl\pyrlk.cl">
      <Filter>Src\opencl\kernels</Filter>
    </None>
  </ItemGroup>
  <ItemGroup>
    <ResourceCompile Include="D:\work\acccn\opencv.builds\modules\video\vs_version.rc">
      <Filter>Src</Filter>
    </ResourceCompile>
  </ItemGroup>
  <ItemGroup>
    <Filter Include="CMake Rules">
      <UniqueIdentifier>{9F04E105-DF61-3A06-82F1-81A8F98FE49C}</UniqueIdentifier>
    </Filter>
    <Filter Include="Include">
      <UniqueIdentifier>{D165ACE6-68B9-3D42-A6F6-4BB151A2AC2C}</UniqueIdentifier>
    </Filter>
    <Filter Include="Include\opencv2">
      <UniqueIdentifier>{F26D9B2C-E8A1-3D23-AD09-0A55652B7313}</UniqueIdentifier>
    </Filter>
    <Filter Include="Include\opencv2\video">
      <UniqueIdentifier>{21F77BD6-6E65-3E5F-8577-CE6F3BCA57F8}</UniqueIdentifier>
    </Filter>
    <Filter Include="Include\opencv2\video\legacy">
      <UniqueIdentifier>{FDB8CDD7-8DFA-35F3-88B1-D6681271691C}</UniqueIdentifier>
    </Filter>
    <Filter Include="Source Files">
      <UniqueIdentifier>{6503EC47-8CB0-393C-9613-1E3DB81A3681}</UniqueIdentifier>
    </Filter>
    <Filter Include="Src">
      <UniqueIdentifier>{B2BD6A66-562C-345B-91A4-1E063B19BE1A}</UniqueIdentifier>
    </Filter>
    <Filter Include="Src\opencl">
      <UniqueIdentifier>{5CD72096-71B4-35A5-AD4F-C9BD2A001181}</UniqueIdentifier>
    </Filter>
    <Filter Include="Src\opencl\kernels">
      <UniqueIdentifier>{ECCBF625-0BB4-31CE-9001-81E83AA8651C}</UniqueIdentifier>
    </Filter>
    <Filter Include="Src\opencl\kernels\autogenerated">
      <UniqueIdentifier>{7F8F9B41-DDB6-30A3-8789-F6404D3B4C97}</UniqueIdentifier>
    </Filter>
  </ItemGroup>
</Project>
