<?xml version="1.0" encoding="utf-8"?>
<Project ToolsVersion="14.0" xmlns="http://schemas.microsoft.com/developer/msbuild/2003">
  <ItemGroup>
    <ClCompile Include="D:\work\acccn\opencv\modules\features2d\src\agast.cpp">
      <Filter>Src</Filter>
    </ClCompile>
    <ClCompile Include="D:\work\acccn\opencv\modules\features2d\src\agast_score.cpp">
      <Filter>Src</Filter>
    </ClCompile>
    <ClCompile Include="D:\work\acccn\opencv\modules\features2d\src\akaze.cpp">
      <Filter>Src</Filter>
    </ClCompile>
    <ClCompile Include="D:\work\acccn\opencv\modules\features2d\src\bagofwords.cpp">
      <Filter>Src</Filter>
    </ClCompile>
    <ClCompile Include="D:\work\acccn\opencv\modules\features2d\src\blobdetector.cpp">
      <Filter>Src</Filter>
    </ClCompile>
    <ClCompile Include="D:\work\acccn\opencv\modules\features2d\src\brisk.cpp">
      <Filter>Src</Filter>
    </ClCompile>
    <ClCompile Include="D:\work\acccn\opencv\modules\features2d\src\draw.cpp">
      <Filter>Src</Filter>
    </ClCompile>
    <ClCompile Include="D:\work\acccn\opencv\modules\features2d\src\dynamic.cpp">
      <Filter>Src</Filter>
    </ClCompile>
    <ClCompile Include="D:\work\acccn\opencv\modules\features2d\src\evaluation.cpp">
      <Filter>Src</Filter>
    </ClCompile>
    <ClCompile Include="D:\work\acccn\opencv\modules\features2d\src\fast.cpp">
      <Filter>Src</Filter>
    </ClCompile>
    <ClCompile Include="D:\work\acccn\opencv\modules\features2d\src\fast_score.cpp">
      <Filter>Src</Filter>
    </ClCompile>
    <ClCompile Include="D:\work\acccn\opencv\modules\features2d\src\feature2d.cpp">
      <Filter>Src</Filter>
    </ClCompile>
    <ClCompile Include="D:\work\acccn\opencv\modules\features2d\src\gftt.cpp">
      <Filter>Src</Filter>
    </ClCompile>
    <ClCompile Include="D:\work\acccn\opencv\modules\features2d\src\kaze.cpp">
      <Filter>Src</Filter>
    </ClCompile>
    <ClCompile Include="D:\work\acccn\opencv\modules\features2d\src\kaze\AKAZEFeatures.cpp">
      <Filter>Src\kaze</Filter>
    </ClCompile>
    <ClCompile Include="D:\work\acccn\opencv\modules\features2d\src\kaze\KAZEFeatures.cpp">
      <Filter>Src\kaze</Filter>
    </ClCompile>
    <ClCompile Include="D:\work\acccn\opencv\modules\features2d\src\kaze\fed.cpp">
      <Filter>Src\kaze</Filter>
    </ClCompile>
    <ClCompile Include="D:\work\acccn\opencv\modules\features2d\src\kaze\nldiffusion_functions.cpp">
      <Filter>Src\kaze</Filter>
    </ClCompile>
    <ClCompile Include="D:\work\acccn\opencv\modules\features2d\src\keypoint.cpp">
      <Filter>Src</Filter>
    </ClCompile>
    <ClCompile Include="D:\work\acccn\opencv\modules\features2d\src\main.cpp">
      <Filter>Src</Filter>
    </ClCompile>
    <ClCompile Include="D:\work\acccn\opencv\modules\features2d\src\matchers.cpp">
      <Filter>Src</Filter>
    </ClCompile>
    <ClCompile Include="D:\work\acccn\opencv\modules\features2d\src\mser.cpp">
      <Filter>Src</Filter>
    </ClCompile>
    <ClCompile Include="D:\work\acccn\opencv\modules\features2d\src\orb.cpp">
      <Filter>Src</Filter>
    </ClCompile>
    <ClCompile Include="D:\work\acccn\opencv.builds\modules\features2d\opencl_kernels_features2d.cpp">
      <Filter>Src\opencl\kernels\autogenerated</Filter>
    </ClCompile>
    <ClCompile Include="D:\work\acccn\opencv.builds\modules\features2d\opencv_features2d_pch.cpp">
      <Filter>Src</Filter>
    </ClCompile>
    <ClCompile Include="D:\work\acccn\opencv.builds\modules\features2d\opencv_features2d_main.cpp">
      <Filter>Source Files</Filter>
    </ClCompile>
  </ItemGroup>
  <ItemGroup>
    <ClInclude Include="D:\work\acccn\opencv\modules\features2d\include\opencv2\features2d.hpp">
      <Filter>Include\opencv2</Filter>
    </ClInclude>
    <ClInclude Include="D:\work\acccn\opencv\modules\features2d\include\opencv2\features2d\features2d.hpp">
      <Filter>Include\opencv2\features2d</Filter>
    </ClInclude>
    <ClInclude Include="D:\work\acccn\opencv\modules\features2d\include\opencv2\features2d\hal\interface.h">
      <Filter>Include\opencv2\features2d\hal</Filter>
    </ClInclude>
    <ClInclude Include="D:\work\acccn\opencv.builds\modules\features2d\opencl_kernels_features2d.hpp">
      <Filter>Src\opencl\kernels\autogenerated</Filter>
    </ClInclude>
    <ClInclude Include="D:\work\acccn\opencv\modules\features2d\src\agast_score.hpp">
      <Filter>Src</Filter>
    </ClInclude>
    <ClInclude Include="D:\work\acccn\opencv\modules\features2d\src\fast.hpp">
      <Filter>Src</Filter>
    </ClInclude>
    <ClInclude Include="D:\work\acccn\opencv\modules\features2d\src\fast_score.hpp">
      <Filter>Src</Filter>
    </ClInclude>
    <ClInclude Include="D:\work\acccn\opencv\modules\features2d\src\hal_replacement.hpp">
      <Filter>Src</Filter>
    </ClInclude>
    <ClInclude Include="D:\work\acccn\opencv\modules\features2d\src\kaze\AKAZEConfig.h">
      <Filter>Src\kaze</Filter>
    </ClInclude>
    <ClInclude Include="D:\work\acccn\opencv\modules\features2d\src\kaze\AKAZEFeatures.h">
      <Filter>Src\kaze</Filter>
    </ClInclude>
    <ClInclude Include="D:\work\acccn\opencv\modules\features2d\src\kaze\KAZEConfig.h">
      <Filter>Src\kaze</Filter>
    </ClInclude>
    <ClInclude Include="D:\work\acccn\opencv\modules\features2d\src\kaze\KAZEFeatures.h">
      <Filter>Src\kaze</Filter>
    </ClInclude>
    <ClInclude Include="D:\work\acccn\opencv\modules\features2d\src\kaze\TEvolution.h">
      <Filter>Src\kaze</Filter>
    </ClInclude>
    <ClInclude Include="D:\work\acccn\opencv\modules\features2d\src\kaze\fed.h">
      <Filter>Src\kaze</Filter>
    </ClInclude>
    <ClInclude Include="D:\work\acccn\opencv\modules\features2d\src\kaze\nldiffusion_functions.h">
      <Filter>Src\kaze</Filter>
    </ClInclude>
    <ClInclude Include="D:\work\acccn\opencv\modules\features2d\src\kaze\utils.h">
      <Filter>Src\kaze</Filter>
    </ClInclude>
    <ClInclude Include="D:\work\acccn\opencv\modules\features2d\src\precomp.hpp">
      <Filter>Src</Filter>
    </ClInclude>
    <ClInclude Include="D:\work\acccn\opencv.builds\cvconfig.h">
      <Filter>Include</Filter>
    </ClInclude>
    <ClInclude Include="D:\work\acccn\opencv.builds\opencv2\opencv_modules.hpp">
      <Filter>Include</Filter>
    </ClInclude>
  </ItemGroup>
  <ItemGroup>
    <CustomBuild Include="D:\work\acccn\opencv.builds\CMakeFiles\260e95f7fded688a493f01ab642f872b\opencl_kernels_features2d.cpp.rule">
      <Filter>CMake Rules</Filter>
    </CustomBuild>
    <CustomBuild Include="D:\work\acccn\opencv\modules\features2d\CMakeLists.txt" />
  </ItemGroup>
  <ItemGroup>
    <None Include="D:\work\acccn\opencv\modules\features2d\src\opencl\akaze.cl">
      <Filter>Src\opencl\kernels</Filter>
    </None>
    <None Include="D:\work\acccn\opencv\modules\features2d\src\opencl\brute_force_match.cl">
      <Filter>Src\opencl\kernels</Filter>
    </None>
    <None Include="D:\work\acccn\opencv\modules\features2d\src\opencl\fast.cl">
      <Filter>Src\opencl\kernels</Filter>
    </None>
    <None Include="D:\work\acccn\opencv\modules\features2d\src\opencl\orb.cl">
      <Filter>Src\opencl\kernels</Filter>
    </None>
  </ItemGroup>
  <ItemGroup>
    <ResourceCompile Include="D:\work\acccn\opencv.builds\modules\features2d\vs_version.rc">
      <Filter>Src</Filter>
    </ResourceCompile>
  </ItemGroup>
  <ItemGroup>
    <Filter Include="CMake Rules">
      <UniqueIdentifier>{9F04E105-DF61-3A06-82F1-81A8F98FE49C}</UniqueIdentifier>
    </Filter>
    <Filter Include="Include">
      <UniqueIdentifier>{D165ACE6-68B9-3D42-A6F6-4BB151A2AC2C}</UniqueIdentifier>
    </Filter>
    <Filter Include="Include\opencv2">
      <UniqueIdentifier>{F26D9B2C-E8A1-3D23-AD09-0A55652B7313}</UniqueIdentifier>
    </Filter>
    <Filter Include="Include\opencv2\features2d">
      <UniqueIdentifier>{1997ABB7-8662-3864-A390-6B58A92B10AB}</UniqueIdentifier>
    </Filter>
    <Filter Include="Include\opencv2\features2d\hal">
      <UniqueIdentifier>{CBDB04D7-2E88-3B52-B18D-EEC56976A8B2}</UniqueIdentifier>
    </Filter>
    <Filter Include="Source Files">
      <UniqueIdentifier>{6503EC47-8CB0-393C-9613-1E3DB81A3681}</UniqueIdentifier>
    </Filter>
    <Filter Include="Src">
      <UniqueIdentifier>{B2BD6A66-562C-345B-91A4-1E063B19BE1A}</UniqueIdentifier>
    </Filter>
    <Filter Include="Src\kaze">
      <UniqueIdentifier>{FFE9DE95-A8FD-3B3D-A40C-81649A040977}</UniqueIdentifier>
    </Filter>
    <Filter Include="Src\opencl">
      <UniqueIdentifier>{5CD72096-71B4-35A5-AD4F-C9BD2A001181}</UniqueIdentifier>
    </Filter>
    <Filter Include="Src\opencl\kernels">
      <UniqueIdentifier>{ECCBF625-0BB4-31CE-9001-81E83AA8651C}</UniqueIdentifier>
    </Filter>
    <Filter Include="Src\opencl\kernels\autogenerated">
      <UniqueIdentifier>{7F8F9B41-DDB6-30A3-8789-F6404D3B4C97}</UniqueIdentifier>
    </Filter>
  </ItemGroup>
</Project>
