
Microsoft Visual Studio Solution File, Format Version 12.00
# Visual Studio 14
Project("{2150E333-8FDC-42A3-9474-1A3956D46DE8}") = "3rdparty", "3rdparty", "{3916004A-1E27-3E62-A048-1B99508CBFF1}"
EndProject
Project("{2150E333-8FDC-42A3-9474-1A3956D46DE8}") = "CMakeTargets", "CMakeTargets", "{8F8FAA1D-90C1-3D25-BA48-3C342E09251F}"
EndProject
Project("{2150E333-8FDC-42A3-9474-1A3956D46DE8}") = "dispatched", "dispatched", "{FE68DD4B-59D3-3565-9699-0CB9C9E8805C}"
EndProject
Project("{2150E333-8FDC-42A3-9474-1A3956D46DE8}") = "modules", "modules", "{587A92F7-BE14-3A74-8493-F20A3067B4A2}"
EndProject
Project("{8BC9CEB8-8B4A-11D0-8D11-00A0C91BC942}") = "ALL_BUILD", "ALL_BUILD.vcxproj", "{C68300BE-C91D-3BA4-BEC9-A4F72188613E}"
	ProjectSection(ProjectDependencies) = postProject
		{0F05B657-9EE4-3A3B-86EF-44F6BCD88FC3} = {0F05B657-9EE4-3A3B-86EF-44F6BCD88FC3}
		{3C83E6F0-462C-3B90-A374-72F695D08AB8} = {3C83E6F0-462C-3B90-A374-72F695D08AB8}
		{B232A0F1-218D-3410-B62B-3E18FBD63030} = {B232A0F1-218D-3410-B62B-3E18FBD63030}
		{78ACC92A-B015-37A1-84F3-FBE218FFE7E7} = {78ACC92A-B015-37A1-84F3-FBE218FFE7E7}
		{C52AFFB9-C3EC-3C52-84F6-92FA1411BD36} = {C52AFFB9-C3EC-3C52-84F6-92FA1411BD36}
	EndProjectSection
EndProject
Project("{8BC9CEB8-8B4A-11D0-8D11-00A0C91BC942}") = "INSTALL", "INSTALL.vcxproj", "{107CD407-A2F9-3B01-BFC4-EAFFA8CA8C2B}"
	ProjectSection(ProjectDependencies) = postProject
		{C68300BE-C91D-3BA4-BEC9-A4F72188613E} = {C68300BE-C91D-3BA4-BEC9-A4F72188613E}
		{0F05B657-9EE4-3A3B-86EF-44F6BCD88FC3} = {0F05B657-9EE4-3A3B-86EF-44F6BCD88FC3}
	EndProjectSection
EndProject
Project("{8BC9CEB8-8B4A-11D0-8D11-00A0C91BC942}") = "IlmImf", "..\..\3rdparty\openexr\IlmImf.vcxproj", "{D597465E-32AA-3A4A-92DA-A319BD90D6CE}"
	ProjectSection(ProjectDependencies) = postProject
		{0F05B657-9EE4-3A3B-86EF-44F6BCD88FC3} = {0F05B657-9EE4-3A3B-86EF-44F6BCD88FC3}
		{42917072-0F71-3757-9BB6-0316063300A7} = {42917072-0F71-3757-9BB6-0316063300A7}
	EndProjectSection
EndProject
Project("{8BC9CEB8-8B4A-11D0-8D11-00A0C91BC942}") = "PACKAGE", "PACKAGE.vcxproj", "{D7B5AE29-729D-3D58-BEBE-DB7F39D74213}"
	ProjectSection(ProjectDependencies) = postProject
		{C68300BE-C91D-3BA4-BEC9-A4F72188613E} = {C68300BE-C91D-3BA4-BEC9-A4F72188613E}
		{0F05B657-9EE4-3A3B-86EF-44F6BCD88FC3} = {0F05B657-9EE4-3A3B-86EF-44F6BCD88FC3}
	EndProjectSection
EndProject
Project("{8BC9CEB8-8B4A-11D0-8D11-00A0C91BC942}") = "RUN_TESTS", "RUN_TESTS.vcxproj", "{C0D4406D-9AA5-313B-8F7A-C6A5D944D9BB}"
	ProjectSection(ProjectDependencies) = postProject
		{0F05B657-9EE4-3A3B-86EF-44F6BCD88FC3} = {0F05B657-9EE4-3A3B-86EF-44F6BCD88FC3}
	EndProjectSection
EndProject
Project("{8BC9CEB8-8B4A-11D0-8D11-00A0C91BC942}") = "ZERO_CHECK", "..\..\\ZERO_CHECK.vcxproj", "{0F05B657-9EE4-3A3B-86EF-44F6BCD88FC3}"
	ProjectSection(ProjectDependencies) = postProject
	EndProjectSection
EndProject
Project("{8BC9CEB8-8B4A-11D0-8D11-00A0C91BC942}") = "ade", "..\\ade.vcxproj", "{4C871393-7E77-3EDB-A4CB-A147288AAAA8}"
	ProjectSection(ProjectDependencies) = postProject
		{0F05B657-9EE4-3A3B-86EF-44F6BCD88FC3} = {0F05B657-9EE4-3A3B-86EF-44F6BCD88FC3}
	EndProjectSection
EndProject
Project("{8BC9CEB8-8B4A-11D0-8D11-00A0C91BC942}") = "libjasper", "..\..\3rdparty\libjasper\libjasper.vcxproj", "{D8C212A3-2B1D-3133-92C1-6AB5F9E6F577}"
	ProjectSection(ProjectDependencies) = postProject
		{0F05B657-9EE4-3A3B-86EF-44F6BCD88FC3} = {0F05B657-9EE4-3A3B-86EF-44F6BCD88FC3}
	EndProjectSection
EndProject
Project("{8BC9CEB8-8B4A-11D0-8D11-00A0C91BC942}") = "libjpeg-turbo", "..\..\3rdparty\libjpeg-turbo\libjpeg-turbo.vcxproj", "{703D7DFA-BFFB-3DBA-9DAC-DCE44C8B7192}"
	ProjectSection(ProjectDependencies) = postProject
		{0F05B657-9EE4-3A3B-86EF-44F6BCD88FC3} = {0F05B657-9EE4-3A3B-86EF-44F6BCD88FC3}
	EndProjectSection
EndProject
Project("{8BC9CEB8-8B4A-11D0-8D11-00A0C91BC942}") = "libpng", "..\..\3rdparty\libpng\libpng.vcxproj", "{B40A937E-87B0-3497-9CED-1A6E6EF29F76}"
	ProjectSection(ProjectDependencies) = postProject
		{0F05B657-9EE4-3A3B-86EF-44F6BCD88FC3} = {0F05B657-9EE4-3A3B-86EF-44F6BCD88FC3}
		{42917072-0F71-3757-9BB6-0316063300A7} = {42917072-0F71-3757-9BB6-0316063300A7}
	EndProjectSection
EndProject
Project("{8BC9CEB8-8B4A-11D0-8D11-00A0C91BC942}") = "libprotobuf", "..\..\3rdparty\protobuf\libprotobuf.vcxproj", "{C770AFFE-CDAE-3132-A1F5-AE8BB22F2A0B}"
	ProjectSection(ProjectDependencies) = postProject
		{0F05B657-9EE4-3A3B-86EF-44F6BCD88FC3} = {0F05B657-9EE4-3A3B-86EF-44F6BCD88FC3}
	EndProjectSection
EndProject
Project("{8BC9CEB8-8B4A-11D0-8D11-00A0C91BC942}") = "libtiff", "..\..\3rdparty\libtiff\libtiff.vcxproj", "{1BC34ACE-A91E-3803-8399-F8EEA7395289}"
	ProjectSection(ProjectDependencies) = postProject
		{0F05B657-9EE4-3A3B-86EF-44F6BCD88FC3} = {0F05B657-9EE4-3A3B-86EF-44F6BCD88FC3}
		{42917072-0F71-3757-9BB6-0316063300A7} = {42917072-0F71-3757-9BB6-0316063300A7}
	EndProjectSection
EndProject
Project("{8BC9CEB8-8B4A-11D0-8D11-00A0C91BC942}") = "libwebp", "..\..\3rdparty\libwebp\libwebp.vcxproj", "{71E5A2D3-65A0-3769-95D7-170CA314A97C}"
	ProjectSection(ProjectDependencies) = postProject
		{0F05B657-9EE4-3A3B-86EF-44F6BCD88FC3} = {0F05B657-9EE4-3A3B-86EF-44F6BCD88FC3}
	EndProjectSection
EndProject
Project("{8BC9CEB8-8B4A-11D0-8D11-00A0C91BC942}") = "opencv_world", "opencv_world.vcxproj", "{3C83E6F0-462C-3B90-A374-72F695D08AB8}"
	ProjectSection(ProjectDependencies) = postProject
		{D597465E-32AA-3A4A-92DA-A319BD90D6CE} = {D597465E-32AA-3A4A-92DA-A319BD90D6CE}
		{0F05B657-9EE4-3A3B-86EF-44F6BCD88FC3} = {0F05B657-9EE4-3A3B-86EF-44F6BCD88FC3}
		{4C871393-7E77-3EDB-A4CB-A147288AAAA8} = {4C871393-7E77-3EDB-A4CB-A147288AAAA8}
		{D8C212A3-2B1D-3133-92C1-6AB5F9E6F577} = {D8C212A3-2B1D-3133-92C1-6AB5F9E6F577}
		{703D7DFA-BFFB-3DBA-9DAC-DCE44C8B7192} = {703D7DFA-BFFB-3DBA-9DAC-DCE44C8B7192}
		{B40A937E-87B0-3497-9CED-1A6E6EF29F76} = {B40A937E-87B0-3497-9CED-1A6E6EF29F76}
		{C770AFFE-CDAE-3132-A1F5-AE8BB22F2A0B} = {C770AFFE-CDAE-3132-A1F5-AE8BB22F2A0B}
		{1BC34ACE-A91E-3803-8399-F8EEA7395289} = {1BC34ACE-A91E-3803-8399-F8EEA7395289}
		{71E5A2D3-65A0-3769-95D7-170CA314A97C} = {71E5A2D3-65A0-3769-95D7-170CA314A97C}
		{B232A0F1-218D-3410-B62B-3E18FBD63030} = {B232A0F1-218D-3410-B62B-3E18FBD63030}
		{78ACC92A-B015-37A1-84F3-FBE218FFE7E7} = {78ACC92A-B015-37A1-84F3-FBE218FFE7E7}
		{C52AFFB9-C3EC-3C52-84F6-92FA1411BD36} = {C52AFFB9-C3EC-3C52-84F6-92FA1411BD36}
		{D7581BAA-B084-3968-9E94-B23C9E00E248} = {D7581BAA-B084-3968-9E94-B23C9E00E248}
		{42917072-0F71-3757-9BB6-0316063300A7} = {42917072-0F71-3757-9BB6-0316063300A7}
	EndProjectSection
EndProject
Project("{8BC9CEB8-8B4A-11D0-8D11-00A0C91BC942}") = "opencv_world_AVX", "opencv_world_AVX.vcxproj", "{B232A0F1-218D-3410-B62B-3E18FBD63030}"
	ProjectSection(ProjectDependencies) = postProject
		{0F05B657-9EE4-3A3B-86EF-44F6BCD88FC3} = {0F05B657-9EE4-3A3B-86EF-44F6BCD88FC3}
	EndProjectSection
EndProject
Project("{8BC9CEB8-8B4A-11D0-8D11-00A0C91BC942}") = "opencv_world_SSE4_1", "opencv_world_SSE4_1.vcxproj", "{78ACC92A-B015-37A1-84F3-FBE218FFE7E7}"
	ProjectSection(ProjectDependencies) = postProject
		{0F05B657-9EE4-3A3B-86EF-44F6BCD88FC3} = {0F05B657-9EE4-3A3B-86EF-44F6BCD88FC3}
	EndProjectSection
EndProject
Project("{8BC9CEB8-8B4A-11D0-8D11-00A0C91BC942}") = "opencv_world_SSE4_2", "opencv_world_SSE4_2.vcxproj", "{C52AFFB9-C3EC-3C52-84F6-92FA1411BD36}"
	ProjectSection(ProjectDependencies) = postProject
		{0F05B657-9EE4-3A3B-86EF-44F6BCD88FC3} = {0F05B657-9EE4-3A3B-86EF-44F6BCD88FC3}
	EndProjectSection
EndProject
Project("{8BC9CEB8-8B4A-11D0-8D11-00A0C91BC942}") = "quirc", "..\..\3rdparty\quirc\quirc.vcxproj", "{D7581BAA-B084-3968-9E94-B23C9E00E248}"
	ProjectSection(ProjectDependencies) = postProject
		{0F05B657-9EE4-3A3B-86EF-44F6BCD88FC3} = {0F05B657-9EE4-3A3B-86EF-44F6BCD88FC3}
	EndProjectSection
EndProject
Project("{8BC9CEB8-8B4A-11D0-8D11-00A0C91BC942}") = "zlib", "..\..\3rdparty\zlib\zlib.vcxproj", "{42917072-0F71-3757-9BB6-0316063300A7}"
	ProjectSection(ProjectDependencies) = postProject
		{0F05B657-9EE4-3A3B-86EF-44F6BCD88FC3} = {0F05B657-9EE4-3A3B-86EF-44F6BCD88FC3}
	EndProjectSection
EndProject
Global
	GlobalSection(SolutionConfigurationPlatforms) = preSolution
		Debug|Win32 = Debug|Win32
		Release|Win32 = Release|Win32
	EndGlobalSection
	GlobalSection(ProjectConfigurationPlatforms) = postSolution
		{C68300BE-C91D-3BA4-BEC9-A4F72188613E}.Debug|Win32.ActiveCfg = Debug|Win32
		{C68300BE-C91D-3BA4-BEC9-A4F72188613E}.Debug|Win32.Build.0 = Debug|Win32
		{C68300BE-C91D-3BA4-BEC9-A4F72188613E}.Release|Win32.ActiveCfg = Release|Win32
		{C68300BE-C91D-3BA4-BEC9-A4F72188613E}.Release|Win32.Build.0 = Release|Win32
		{107CD407-A2F9-3B01-BFC4-EAFFA8CA8C2B}.Debug|Win32.ActiveCfg = Debug|Win32
		{107CD407-A2F9-3B01-BFC4-EAFFA8CA8C2B}.Release|Win32.ActiveCfg = Release|Win32
		{D597465E-32AA-3A4A-92DA-A319BD90D6CE}.Debug|Win32.ActiveCfg = Debug|Win32
		{D597465E-32AA-3A4A-92DA-A319BD90D6CE}.Debug|Win32.Build.0 = Debug|Win32
		{D597465E-32AA-3A4A-92DA-A319BD90D6CE}.Release|Win32.ActiveCfg = Release|Win32
		{D597465E-32AA-3A4A-92DA-A319BD90D6CE}.Release|Win32.Build.0 = Release|Win32
		{D7B5AE29-729D-3D58-BEBE-DB7F39D74213}.Debug|Win32.ActiveCfg = Debug|Win32
		{D7B5AE29-729D-3D58-BEBE-DB7F39D74213}.Release|Win32.ActiveCfg = Release|Win32
		{C0D4406D-9AA5-313B-8F7A-C6A5D944D9BB}.Debug|Win32.ActiveCfg = Debug|Win32
		{C0D4406D-9AA5-313B-8F7A-C6A5D944D9BB}.Release|Win32.ActiveCfg = Release|Win32
		{0F05B657-9EE4-3A3B-86EF-44F6BCD88FC3}.Debug|Win32.ActiveCfg = Debug|Win32
		{0F05B657-9EE4-3A3B-86EF-44F6BCD88FC3}.Debug|Win32.Build.0 = Debug|Win32
		{0F05B657-9EE4-3A3B-86EF-44F6BCD88FC3}.Release|Win32.ActiveCfg = Release|Win32
		{0F05B657-9EE4-3A3B-86EF-44F6BCD88FC3}.Release|Win32.Build.0 = Release|Win32
		{4C871393-7E77-3EDB-A4CB-A147288AAAA8}.Debug|Win32.ActiveCfg = Debug|Win32
		{4C871393-7E77-3EDB-A4CB-A147288AAAA8}.Debug|Win32.Build.0 = Debug|Win32
		{4C871393-7E77-3EDB-A4CB-A147288AAAA8}.Release|Win32.ActiveCfg = Release|Win32
		{4C871393-7E77-3EDB-A4CB-A147288AAAA8}.Release|Win32.Build.0 = Release|Win32
		{D8C212A3-2B1D-3133-92C1-6AB5F9E6F577}.Debug|Win32.ActiveCfg = Debug|Win32
		{D8C212A3-2B1D-3133-92C1-6AB5F9E6F577}.Debug|Win32.Build.0 = Debug|Win32
		{D8C212A3-2B1D-3133-92C1-6AB5F9E6F577}.Release|Win32.ActiveCfg = Release|Win32
		{D8C212A3-2B1D-3133-92C1-6AB5F9E6F577}.Release|Win32.Build.0 = Release|Win32
		{703D7DFA-BFFB-3DBA-9DAC-DCE44C8B7192}.Debug|Win32.ActiveCfg = Debug|Win32
		{703D7DFA-BFFB-3DBA-9DAC-DCE44C8B7192}.Debug|Win32.Build.0 = Debug|Win32
		{703D7DFA-BFFB-3DBA-9DAC-DCE44C8B7192}.Release|Win32.ActiveCfg = Release|Win32
		{703D7DFA-BFFB-3DBA-9DAC-DCE44C8B7192}.Release|Win32.Build.0 = Release|Win32
		{B40A937E-87B0-3497-9CED-1A6E6EF29F76}.Debug|Win32.ActiveCfg = Debug|Win32
		{B40A937E-87B0-3497-9CED-1A6E6EF29F76}.Debug|Win32.Build.0 = Debug|Win32
		{B40A937E-87B0-3497-9CED-1A6E6EF29F76}.Release|Win32.ActiveCfg = Release|Win32
		{B40A937E-87B0-3497-9CED-1A6E6EF29F76}.Release|Win32.Build.0 = Release|Win32
		{C770AFFE-CDAE-3132-A1F5-AE8BB22F2A0B}.Debug|Win32.ActiveCfg = Debug|Win32
		{C770AFFE-CDAE-3132-A1F5-AE8BB22F2A0B}.Debug|Win32.Build.0 = Debug|Win32
		{C770AFFE-CDAE-3132-A1F5-AE8BB22F2A0B}.Release|Win32.ActiveCfg = Release|Win32
		{C770AFFE-CDAE-3132-A1F5-AE8BB22F2A0B}.Release|Win32.Build.0 = Release|Win32
		{1BC34ACE-A91E-3803-8399-F8EEA7395289}.Debug|Win32.ActiveCfg = Debug|Win32
		{1BC34ACE-A91E-3803-8399-F8EEA7395289}.Debug|Win32.Build.0 = Debug|Win32
		{1BC34ACE-A91E-3803-8399-F8EEA7395289}.Release|Win32.ActiveCfg = Release|Win32
		{1BC34ACE-A91E-3803-8399-F8EEA7395289}.Release|Win32.Build.0 = Release|Win32
		{71E5A2D3-65A0-3769-95D7-170CA314A97C}.Debug|Win32.ActiveCfg = Debug|Win32
		{71E5A2D3-65A0-3769-95D7-170CA314A97C}.Debug|Win32.Build.0 = Debug|Win32
		{71E5A2D3-65A0-3769-95D7-170CA314A97C}.Release|Win32.ActiveCfg = Release|Win32
		{71E5A2D3-65A0-3769-95D7-170CA314A97C}.Release|Win32.Build.0 = Release|Win32
		{3C83E6F0-462C-3B90-A374-72F695D08AB8}.Debug|Win32.ActiveCfg = Debug|Win32
		{3C83E6F0-462C-3B90-A374-72F695D08AB8}.Debug|Win32.Build.0 = Debug|Win32
		{3C83E6F0-462C-3B90-A374-72F695D08AB8}.Release|Win32.ActiveCfg = Release|Win32
		{3C83E6F0-462C-3B90-A374-72F695D08AB8}.Release|Win32.Build.0 = Release|Win32
		{B232A0F1-218D-3410-B62B-3E18FBD63030}.Debug|Win32.ActiveCfg = Debug|Win32
		{B232A0F1-218D-3410-B62B-3E18FBD63030}.Debug|Win32.Build.0 = Debug|Win32
		{B232A0F1-218D-3410-B62B-3E18FBD63030}.Release|Win32.ActiveCfg = Release|Win32
		{B232A0F1-218D-3410-B62B-3E18FBD63030}.Release|Win32.Build.0 = Release|Win32
		{78ACC92A-B015-37A1-84F3-FBE218FFE7E7}.Debug|Win32.ActiveCfg = Debug|Win32
		{78ACC92A-B015-37A1-84F3-FBE218FFE7E7}.Debug|Win32.Build.0 = Debug|Win32
		{78ACC92A-B015-37A1-84F3-FBE218FFE7E7}.Release|Win32.ActiveCfg = Release|Win32
		{78ACC92A-B015-37A1-84F3-FBE218FFE7E7}.Release|Win32.Build.0 = Release|Win32
		{C52AFFB9-C3EC-3C52-84F6-92FA1411BD36}.Debug|Win32.ActiveCfg = Debug|Win32
		{C52AFFB9-C3EC-3C52-84F6-92FA1411BD36}.Debug|Win32.Build.0 = Debug|Win32
		{C52AFFB9-C3EC-3C52-84F6-92FA1411BD36}.Release|Win32.ActiveCfg = Release|Win32
		{C52AFFB9-C3EC-3C52-84F6-92FA1411BD36}.Release|Win32.Build.0 = Release|Win32
		{D7581BAA-B084-3968-9E94-B23C9E00E248}.Debug|Win32.ActiveCfg = Debug|Win32
		{D7581BAA-B084-3968-9E94-B23C9E00E248}.Debug|Win32.Build.0 = Debug|Win32
		{D7581BAA-B084-3968-9E94-B23C9E00E248}.Release|Win32.ActiveCfg = Release|Win32
		{D7581BAA-B084-3968-9E94-B23C9E00E248}.Release|Win32.Build.0 = Release|Win32
		{42917072-0F71-3757-9BB6-0316063300A7}.Debug|Win32.ActiveCfg = Debug|Win32
		{42917072-0F71-3757-9BB6-0316063300A7}.Debug|Win32.Build.0 = Debug|Win32
		{42917072-0F71-3757-9BB6-0316063300A7}.Release|Win32.ActiveCfg = Release|Win32
		{42917072-0F71-3757-9BB6-0316063300A7}.Release|Win32.Build.0 = Release|Win32
	EndGlobalSection
	GlobalSection(NestedProjects) = preSolution
		{D597465E-32AA-3A4A-92DA-A319BD90D6CE} = {3916004A-1E27-3E62-A048-1B99508CBFF1}
		{D8C212A3-2B1D-3133-92C1-6AB5F9E6F577} = {3916004A-1E27-3E62-A048-1B99508CBFF1}
		{703D7DFA-BFFB-3DBA-9DAC-DCE44C8B7192} = {3916004A-1E27-3E62-A048-1B99508CBFF1}
		{B40A937E-87B0-3497-9CED-1A6E6EF29F76} = {3916004A-1E27-3E62-A048-1B99508CBFF1}
		{C770AFFE-CDAE-3132-A1F5-AE8BB22F2A0B} = {3916004A-1E27-3E62-A048-1B99508CBFF1}
		{1BC34ACE-A91E-3803-8399-F8EEA7395289} = {3916004A-1E27-3E62-A048-1B99508CBFF1}
		{71E5A2D3-65A0-3769-95D7-170CA314A97C} = {3916004A-1E27-3E62-A048-1B99508CBFF1}
		{D7581BAA-B084-3968-9E94-B23C9E00E248} = {3916004A-1E27-3E62-A048-1B99508CBFF1}
		{42917072-0F71-3757-9BB6-0316063300A7} = {3916004A-1E27-3E62-A048-1B99508CBFF1}
		{C68300BE-C91D-3BA4-BEC9-A4F72188613E} = {8F8FAA1D-90C1-3D25-BA48-3C342E09251F}
		{107CD407-A2F9-3B01-BFC4-EAFFA8CA8C2B} = {8F8FAA1D-90C1-3D25-BA48-3C342E09251F}
		{D7B5AE29-729D-3D58-BEBE-DB7F39D74213} = {8F8FAA1D-90C1-3D25-BA48-3C342E09251F}
		{C0D4406D-9AA5-313B-8F7A-C6A5D944D9BB} = {8F8FAA1D-90C1-3D25-BA48-3C342E09251F}
		{0F05B657-9EE4-3A3B-86EF-44F6BCD88FC3} = {8F8FAA1D-90C1-3D25-BA48-3C342E09251F}
		{B232A0F1-218D-3410-B62B-3E18FBD63030} = {FE68DD4B-59D3-3565-9699-0CB9C9E8805C}
		{78ACC92A-B015-37A1-84F3-FBE218FFE7E7} = {FE68DD4B-59D3-3565-9699-0CB9C9E8805C}
		{C52AFFB9-C3EC-3C52-84F6-92FA1411BD36} = {FE68DD4B-59D3-3565-9699-0CB9C9E8805C}
		{3C83E6F0-462C-3B90-A374-72F695D08AB8} = {587A92F7-BE14-3A74-8493-F20A3067B4A2}
	EndGlobalSection
	GlobalSection(ExtensibilityGlobals) = postSolution
		SolutionGuid = {B317CD1C-2C97-334E-A1B7-5561EF35971C}
	EndGlobalSection
	GlobalSection(ExtensibilityAddIns) = postSolution
	EndGlobalSection
EndGlobal
