
Microsoft Visual Studio Solution File, Format Version 12.00
# Visual Studio 14
Project("{2150E333-8FDC-42A3-9474-1A3956D46DE8}") = "3rdparty", "3rdparty", "{3916004A-1E27-3E62-A048-1B99508CBFF1}"
EndProject
Project("{2150E333-8FDC-42A3-9474-1A3956D46DE8}") = "CMakeTargets", "CMakeTargets", "{8F8FAA1D-90C1-3D25-BA48-3C342E09251F}"
EndProject
Project("{2150E333-8FDC-42A3-9474-1A3956D46DE8}") = "dispatched", "dispatched", "{FE68DD4B-59D3-3565-9699-0CB9C9E8805C}"
EndProject
Project("{2150E333-8FDC-42A3-9474-1A3956D46DE8}") = "modules", "modules", "{587A92F7-BE14-3A74-8493-F20A3067B4A2}"
EndProject
Project("{8BC9CEB8-8B4A-11D0-8D11-00A0C91BC942}") = "ALL_BUILD", "ALL_BUILD.vcxproj", "{C68300BE-C91D-3BA4-BEC9-A4F72188613E}"
	ProjectSection(ProjectDependencies) = postProject
		{0F05B657-9EE4-3A3B-86EF-44F6BCD88FC3} = {0F05B657-9EE4-3A3B-86EF-44F6BCD88FC3}
		{17EE1C0C-86E7-3C08-829B-81414BAB2AA4} = {17EE1C0C-86E7-3C08-829B-81414BAB2AA4}
		{A663B9A2-37BC-3838-AD0B-2DD801C0E14F} = {A663B9A2-37BC-3838-AD0B-2DD801C0E14F}
		{334C2F21-F671-3294-A67D-72C2E9D7F8E5} = {334C2F21-F671-3294-A67D-72C2E9D7F8E5}
		{563BEC20-39D0-33A6-A8E9-8E76D545FAD7} = {563BEC20-39D0-33A6-A8E9-8E76D545FAD7}
	EndProjectSection
EndProject
Project("{8BC9CEB8-8B4A-11D0-8D11-00A0C91BC942}") = "INSTALL", "INSTALL.vcxproj", "{107CD407-A2F9-3B01-BFC4-EAFFA8CA8C2B}"
	ProjectSection(ProjectDependencies) = postProject
		{C68300BE-C91D-3BA4-BEC9-A4F72188613E} = {C68300BE-C91D-3BA4-BEC9-A4F72188613E}
		{0F05B657-9EE4-3A3B-86EF-44F6BCD88FC3} = {0F05B657-9EE4-3A3B-86EF-44F6BCD88FC3}
	EndProjectSection
EndProject
Project("{8BC9CEB8-8B4A-11D0-8D11-00A0C91BC942}") = "PACKAGE", "PACKAGE.vcxproj", "{D7B5AE29-729D-3D58-BEBE-DB7F39D74213}"
	ProjectSection(ProjectDependencies) = postProject
		{C68300BE-C91D-3BA4-BEC9-A4F72188613E} = {C68300BE-C91D-3BA4-BEC9-A4F72188613E}
		{0F05B657-9EE4-3A3B-86EF-44F6BCD88FC3} = {0F05B657-9EE4-3A3B-86EF-44F6BCD88FC3}
	EndProjectSection
EndProject
Project("{8BC9CEB8-8B4A-11D0-8D11-00A0C91BC942}") = "RUN_TESTS", "RUN_TESTS.vcxproj", "{C0D4406D-9AA5-313B-8F7A-C6A5D944D9BB}"
	ProjectSection(ProjectDependencies) = postProject
		{0F05B657-9EE4-3A3B-86EF-44F6BCD88FC3} = {0F05B657-9EE4-3A3B-86EF-44F6BCD88FC3}
	EndProjectSection
EndProject
Project("{8BC9CEB8-8B4A-11D0-8D11-00A0C91BC942}") = "ZERO_CHECK", "..\..\\ZERO_CHECK.vcxproj", "{0F05B657-9EE4-3A3B-86EF-44F6BCD88FC3}"
	ProjectSection(ProjectDependencies) = postProject
	EndProjectSection
EndProject
Project("{8BC9CEB8-8B4A-11D0-8D11-00A0C91BC942}") = "opencv_core", "opencv_core.vcxproj", "{17EE1C0C-86E7-3C08-829B-81414BAB2AA4}"
	ProjectSection(ProjectDependencies) = postProject
		{0F05B657-9EE4-3A3B-86EF-44F6BCD88FC3} = {0F05B657-9EE4-3A3B-86EF-44F6BCD88FC3}
		{A663B9A2-37BC-3838-AD0B-2DD801C0E14F} = {A663B9A2-37BC-3838-AD0B-2DD801C0E14F}
		{334C2F21-F671-3294-A67D-72C2E9D7F8E5} = {334C2F21-F671-3294-A67D-72C2E9D7F8E5}
		{563BEC20-39D0-33A6-A8E9-8E76D545FAD7} = {563BEC20-39D0-33A6-A8E9-8E76D545FAD7}
		{42917072-0F71-3757-9BB6-0316063300A7} = {42917072-0F71-3757-9BB6-0316063300A7}
	EndProjectSection
EndProject
Project("{8BC9CEB8-8B4A-11D0-8D11-00A0C91BC942}") = "opencv_core_AVX", "opencv_core_AVX.vcxproj", "{A663B9A2-37BC-3838-AD0B-2DD801C0E14F}"
	ProjectSection(ProjectDependencies) = postProject
		{0F05B657-9EE4-3A3B-86EF-44F6BCD88FC3} = {0F05B657-9EE4-3A3B-86EF-44F6BCD88FC3}
	EndProjectSection
EndProject
Project("{8BC9CEB8-8B4A-11D0-8D11-00A0C91BC942}") = "opencv_core_SSE4_1", "opencv_core_SSE4_1.vcxproj", "{334C2F21-F671-3294-A67D-72C2E9D7F8E5}"
	ProjectSection(ProjectDependencies) = postProject
		{0F05B657-9EE4-3A3B-86EF-44F6BCD88FC3} = {0F05B657-9EE4-3A3B-86EF-44F6BCD88FC3}
	EndProjectSection
EndProject
Project("{8BC9CEB8-8B4A-11D0-8D11-00A0C91BC942}") = "opencv_core_SSE4_2", "opencv_core_SSE4_2.vcxproj", "{563BEC20-39D0-33A6-A8E9-8E76D545FAD7}"
	ProjectSection(ProjectDependencies) = postProject
		{0F05B657-9EE4-3A3B-86EF-44F6BCD88FC3} = {0F05B657-9EE4-3A3B-86EF-44F6BCD88FC3}
	EndProjectSection
EndProject
Project("{8BC9CEB8-8B4A-11D0-8D11-00A0C91BC942}") = "zlib", "..\..\3rdparty\zlib\zlib.vcxproj", "{42917072-0F71-3757-9BB6-0316063300A7}"
	ProjectSection(ProjectDependencies) = postProject
		{0F05B657-9EE4-3A3B-86EF-44F6BCD88FC3} = {0F05B657-9EE4-3A3B-86EF-44F6BCD88FC3}
	EndProjectSection
EndProject
Global
	GlobalSection(SolutionConfigurationPlatforms) = preSolution
		Debug|Win32 = Debug|Win32
		Release|Win32 = Release|Win32
	EndGlobalSection
	GlobalSection(ProjectConfigurationPlatforms) = postSolution
		{C68300BE-C91D-3BA4-BEC9-A4F72188613E}.Debug|Win32.ActiveCfg = Debug|Win32
		{C68300BE-C91D-3BA4-BEC9-A4F72188613E}.Debug|Win32.Build.0 = Debug|Win32
		{C68300BE-C91D-3BA4-BEC9-A4F72188613E}.Release|Win32.ActiveCfg = Release|Win32
		{C68300BE-C91D-3BA4-BEC9-A4F72188613E}.Release|Win32.Build.0 = Release|Win32
		{107CD407-A2F9-3B01-BFC4-EAFFA8CA8C2B}.Debug|Win32.ActiveCfg = Debug|Win32
		{107CD407-A2F9-3B01-BFC4-EAFFA8CA8C2B}.Release|Win32.ActiveCfg = Release|Win32
		{D7B5AE29-729D-3D58-BEBE-DB7F39D74213}.Debug|Win32.ActiveCfg = Debug|Win32
		{D7B5AE29-729D-3D58-BEBE-DB7F39D74213}.Release|Win32.ActiveCfg = Release|Win32
		{C0D4406D-9AA5-313B-8F7A-C6A5D944D9BB}.Debug|Win32.ActiveCfg = Debug|Win32
		{C0D4406D-9AA5-313B-8F7A-C6A5D944D9BB}.Release|Win32.ActiveCfg = Release|Win32
		{0F05B657-9EE4-3A3B-86EF-44F6BCD88FC3}.Debug|Win32.ActiveCfg = Debug|Win32
		{0F05B657-9EE4-3A3B-86EF-44F6BCD88FC3}.Debug|Win32.Build.0 = Debug|Win32
		{0F05B657-9EE4-3A3B-86EF-44F6BCD88FC3}.Release|Win32.ActiveCfg = Release|Win32
		{0F05B657-9EE4-3A3B-86EF-44F6BCD88FC3}.Release|Win32.Build.0 = Release|Win32
		{17EE1C0C-86E7-3C08-829B-81414BAB2AA4}.Debug|Win32.ActiveCfg = Debug|Win32
		{17EE1C0C-86E7-3C08-829B-81414BAB2AA4}.Debug|Win32.Build.0 = Debug|Win32
		{17EE1C0C-86E7-3C08-829B-81414BAB2AA4}.Release|Win32.ActiveCfg = Release|Win32
		{17EE1C0C-86E7-3C08-829B-81414BAB2AA4}.Release|Win32.Build.0 = Release|Win32
		{A663B9A2-37BC-3838-AD0B-2DD801C0E14F}.Debug|Win32.ActiveCfg = Debug|Win32
		{A663B9A2-37BC-3838-AD0B-2DD801C0E14F}.Debug|Win32.Build.0 = Debug|Win32
		{A663B9A2-37BC-3838-AD0B-2DD801C0E14F}.Release|Win32.ActiveCfg = Release|Win32
		{A663B9A2-37BC-3838-AD0B-2DD801C0E14F}.Release|Win32.Build.0 = Release|Win32
		{334C2F21-F671-3294-A67D-72C2E9D7F8E5}.Debug|Win32.ActiveCfg = Debug|Win32
		{334C2F21-F671-3294-A67D-72C2E9D7F8E5}.Debug|Win32.Build.0 = Debug|Win32
		{334C2F21-F671-3294-A67D-72C2E9D7F8E5}.Release|Win32.ActiveCfg = Release|Win32
		{334C2F21-F671-3294-A67D-72C2E9D7F8E5}.Release|Win32.Build.0 = Release|Win32
		{563BEC20-39D0-33A6-A8E9-8E76D545FAD7}.Debug|Win32.ActiveCfg = Debug|Win32
		{563BEC20-39D0-33A6-A8E9-8E76D545FAD7}.Debug|Win32.Build.0 = Debug|Win32
		{563BEC20-39D0-33A6-A8E9-8E76D545FAD7}.Release|Win32.ActiveCfg = Release|Win32
		{563BEC20-39D0-33A6-A8E9-8E76D545FAD7}.Release|Win32.Build.0 = Release|Win32
		{42917072-0F71-3757-9BB6-0316063300A7}.Debug|Win32.ActiveCfg = Debug|Win32
		{42917072-0F71-3757-9BB6-0316063300A7}.Debug|Win32.Build.0 = Debug|Win32
		{42917072-0F71-3757-9BB6-0316063300A7}.Release|Win32.ActiveCfg = Release|Win32
		{42917072-0F71-3757-9BB6-0316063300A7}.Release|Win32.Build.0 = Release|Win32
	EndGlobalSection
	GlobalSection(NestedProjects) = preSolution
		{42917072-0F71-3757-9BB6-0316063300A7} = {3916004A-1E27-3E62-A048-1B99508CBFF1}
		{C68300BE-C91D-3BA4-BEC9-A4F72188613E} = {8F8FAA1D-90C1-3D25-BA48-3C342E09251F}
		{107CD407-A2F9-3B01-BFC4-EAFFA8CA8C2B} = {8F8FAA1D-90C1-3D25-BA48-3C342E09251F}
		{D7B5AE29-729D-3D58-BEBE-DB7F39D74213} = {8F8FAA1D-90C1-3D25-BA48-3C342E09251F}
		{C0D4406D-9AA5-313B-8F7A-C6A5D944D9BB} = {8F8FAA1D-90C1-3D25-BA48-3C342E09251F}
		{0F05B657-9EE4-3A3B-86EF-44F6BCD88FC3} = {8F8FAA1D-90C1-3D25-BA48-3C342E09251F}
		{A663B9A2-37BC-3838-AD0B-2DD801C0E14F} = {FE68DD4B-59D3-3565-9699-0CB9C9E8805C}
		{334C2F21-F671-3294-A67D-72C2E9D7F8E5} = {FE68DD4B-59D3-3565-9699-0CB9C9E8805C}
		{563BEC20-39D0-33A6-A8E9-8E76D545FAD7} = {FE68DD4B-59D3-3565-9699-0CB9C9E8805C}
		{17EE1C0C-86E7-3C08-829B-81414BAB2AA4} = {587A92F7-BE14-3A74-8493-F20A3067B4A2}
	EndGlobalSection
	GlobalSection(ExtensibilityGlobals) = postSolution
		SolutionGuid = {0BBC1A85-C451-3C60-A322-4851938466D5}
	EndGlobalSection
	GlobalSection(ExtensibilityAddIns) = postSolution
	EndGlobalSection
EndGlobal
