<?xml version="1.0" encoding="utf-8"?>
<Project ToolsVersion="14.0" xmlns="http://schemas.microsoft.com/developer/msbuild/2003">
  <ItemGroup>
    <ClCompile Include="D:\work\acccn\opencv\modules\calib3d\src\ap3p.cpp">
      <Filter>Src</Filter>
    </ClCompile>
    <ClCompile Include="D:\work\acccn\opencv\modules\calib3d\src\calibinit.cpp">
      <Filter>Src</Filter>
    </ClCompile>
    <ClCompile Include="D:\work\acccn\opencv\modules\calib3d\src\calibration.cpp">
      <Filter>Src</Filter>
    </ClCompile>
    <ClCompile Include="D:\work\acccn\opencv\modules\calib3d\src\calibration_handeye.cpp">
      <Filter>Src</Filter>
    </ClCompile>
    <ClCompile Include="D:\work\acccn\opencv\modules\calib3d\src\checkchessboard.cpp">
      <Filter>Src</Filter>
    </ClCompile>
    <ClCompile Include="D:\work\acccn\opencv\modules\calib3d\src\chessboard.cpp">
      <Filter>Src</Filter>
    </ClCompile>
    <ClCompile Include="D:\work\acccn\opencv\modules\calib3d\src\circlesgrid.cpp">
      <Filter>Src</Filter>
    </ClCompile>
    <ClCompile Include="D:\work\acccn\opencv\modules\calib3d\src\compat_ptsetreg.cpp">
      <Filter>Src</Filter>
    </ClCompile>
    <ClCompile Include="D:\work\acccn\opencv\modules\calib3d\src\dls.cpp">
      <Filter>Src</Filter>
    </ClCompile>
    <ClCompile Include="D:\work\acccn\opencv\modules\calib3d\src\epnp.cpp">
      <Filter>Src</Filter>
    </ClCompile>
    <ClCompile Include="D:\work\acccn\opencv\modules\calib3d\src\fisheye.cpp">
      <Filter>Src</Filter>
    </ClCompile>
    <ClCompile Include="D:\work\acccn\opencv\modules\calib3d\src\five-point.cpp">
      <Filter>Src</Filter>
    </ClCompile>
    <ClCompile Include="D:\work\acccn\opencv\modules\calib3d\src\fundam.cpp">
      <Filter>Src</Filter>
    </ClCompile>
    <ClCompile Include="D:\work\acccn\opencv\modules\calib3d\src\homography_decomp.cpp">
      <Filter>Src</Filter>
    </ClCompile>
    <ClCompile Include="D:\work\acccn\opencv\modules\calib3d\src\ippe.cpp">
      <Filter>Src</Filter>
    </ClCompile>
    <ClCompile Include="D:\work\acccn\opencv\modules\calib3d\src\levmarq.cpp">
      <Filter>Src</Filter>
    </ClCompile>
    <ClCompile Include="D:\work\acccn\opencv\modules\calib3d\src\main.cpp">
      <Filter>Src</Filter>
    </ClCompile>
    <ClCompile Include="D:\work\acccn\opencv\modules\calib3d\src\p3p.cpp">
      <Filter>Src</Filter>
    </ClCompile>
    <ClCompile Include="D:\work\acccn\opencv\modules\calib3d\src\polynom_solver.cpp">
      <Filter>Src</Filter>
    </ClCompile>
    <ClCompile Include="D:\work\acccn\opencv\modules\calib3d\src\posit.cpp">
      <Filter>Src</Filter>
    </ClCompile>
    <ClCompile Include="D:\work\acccn\opencv\modules\calib3d\src\ptsetreg.cpp">
      <Filter>Src</Filter>
    </ClCompile>
    <ClCompile Include="D:\work\acccn\opencv\modules\calib3d\src\quadsubpix.cpp">
      <Filter>Src</Filter>
    </ClCompile>
    <ClCompile Include="D:\work\acccn\opencv\modules\calib3d\src\rho.cpp">
      <Filter>Src</Filter>
    </ClCompile>
    <ClCompile Include="D:\work\acccn\opencv\modules\calib3d\src\solvepnp.cpp">
      <Filter>Src</Filter>
    </ClCompile>
    <ClCompile Include="D:\work\acccn\opencv\modules\calib3d\src\stereobm.cpp">
      <Filter>Src</Filter>
    </ClCompile>
    <ClCompile Include="D:\work\acccn\opencv\modules\calib3d\src\stereosgbm.cpp">
      <Filter>Src</Filter>
    </ClCompile>
    <ClCompile Include="D:\work\acccn\opencv\modules\calib3d\src\triangulate.cpp">
      <Filter>Src</Filter>
    </ClCompile>
    <ClCompile Include="D:\work\acccn\opencv\modules\calib3d\src\undistort.dispatch.cpp">
      <Filter>Src</Filter>
    </ClCompile>
    <ClCompile Include="D:\work\acccn\opencv\modules\calib3d\src\upnp.cpp">
      <Filter>Src</Filter>
    </ClCompile>
    <ClCompile Include="D:\work\acccn\opencv.builds\modules\calib3d\opencl_kernels_calib3d.cpp">
      <Filter>Src\opencl\kernels\autogenerated</Filter>
    </ClCompile>
    <ClCompile Include="D:\work\acccn\opencv.builds\modules\calib3d\opencv_calib3d_pch.cpp">
      <Filter>Src</Filter>
    </ClCompile>
    <ClCompile Include="D:\work\acccn\opencv.builds\modules\calib3d\opencv_calib3d_main.cpp">
      <Filter>Source Files</Filter>
    </ClCompile>
  </ItemGroup>
  <ItemGroup>
    <ClInclude Include="D:\work\acccn\opencv\modules\calib3d\include\opencv2\calib3d.hpp">
      <Filter>Include\opencv2</Filter>
    </ClInclude>
    <ClInclude Include="D:\work\acccn\opencv\modules\calib3d\include\opencv2\calib3d\calib3d.hpp">
      <Filter>Include\opencv2\calib3d</Filter>
    </ClInclude>
    <ClInclude Include="D:\work\acccn\opencv\modules\calib3d\include\opencv2\calib3d\calib3d_c.h">
      <Filter>Include\opencv2\calib3d</Filter>
    </ClInclude>
    <ClInclude Include="D:\work\acccn\opencv.builds\modules\calib3d\opencl_kernels_calib3d.hpp">
      <Filter>Src\opencl\kernels\autogenerated</Filter>
    </ClInclude>
    <ClInclude Include="D:\work\acccn\opencv\modules\calib3d\src\ap3p.h">
      <Filter>Src</Filter>
    </ClInclude>
    <ClInclude Include="D:\work\acccn\opencv\modules\calib3d\src\calib3d_c_api.h">
      <Filter>Src</Filter>
    </ClInclude>
    <ClInclude Include="D:\work\acccn\opencv\modules\calib3d\src\chessboard.hpp">
      <Filter>Src</Filter>
    </ClInclude>
    <ClInclude Include="D:\work\acccn\opencv\modules\calib3d\src\circlesgrid.hpp">
      <Filter>Src</Filter>
    </ClInclude>
    <ClInclude Include="D:\work\acccn\opencv\modules\calib3d\src\distortion_model.hpp">
      <Filter>Src</Filter>
    </ClInclude>
    <ClInclude Include="D:\work\acccn\opencv\modules\calib3d\src\dls.h">
      <Filter>Src</Filter>
    </ClInclude>
    <ClInclude Include="D:\work\acccn\opencv\modules\calib3d\src\epnp.h">
      <Filter>Src</Filter>
    </ClInclude>
    <ClInclude Include="D:\work\acccn\opencv\modules\calib3d\src\fisheye.hpp">
      <Filter>Src</Filter>
    </ClInclude>
    <ClInclude Include="D:\work\acccn\opencv\modules\calib3d\src\ippe.hpp">
      <Filter>Src</Filter>
    </ClInclude>
    <ClInclude Include="D:\work\acccn\opencv\modules\calib3d\src\p3p.h">
      <Filter>Src</Filter>
    </ClInclude>
    <ClInclude Include="D:\work\acccn\opencv\modules\calib3d\src\polynom_solver.h">
      <Filter>Src</Filter>
    </ClInclude>
    <ClInclude Include="D:\work\acccn\opencv\modules\calib3d\src\precomp.hpp">
      <Filter>Src</Filter>
    </ClInclude>
    <ClInclude Include="D:\work\acccn\opencv\modules\calib3d\src\rho.h">
      <Filter>Src</Filter>
    </ClInclude>
    <ClInclude Include="D:\work\acccn\opencv\modules\calib3d\src\undistort.simd.hpp">
      <Filter>Src</Filter>
    </ClInclude>
    <ClInclude Include="D:\work\acccn\opencv\modules\calib3d\src\upnp.h">
      <Filter>Src</Filter>
    </ClInclude>
    <ClInclude Include="D:\work\acccn\opencv.builds\cvconfig.h">
      <Filter>Include</Filter>
    </ClInclude>
    <ClInclude Include="D:\work\acccn\opencv.builds\opencv2\opencv_modules.hpp">
      <Filter>Include</Filter>
    </ClInclude>
  </ItemGroup>
  <ItemGroup>
    <CustomBuild Include="D:\work\acccn\opencv.builds\CMakeFiles\3bcd479b2e252f39d69bac1ac484c027\opencl_kernels_calib3d.cpp.rule">
      <Filter>CMake Rules</Filter>
    </CustomBuild>
    <CustomBuild Include="D:\work\acccn\opencv\modules\calib3d\CMakeLists.txt" />
  </ItemGroup>
  <ItemGroup>
    <None Include="D:\work\acccn\opencv\modules\calib3d\src\opencl\stereobm.cl">
      <Filter>Src\opencl\kernels</Filter>
    </None>
  </ItemGroup>
  <ItemGroup>
    <ResourceCompile Include="D:\work\acccn\opencv.builds\modules\calib3d\vs_version.rc">
      <Filter>Src</Filter>
    </ResourceCompile>
  </ItemGroup>
  <ItemGroup>
    <Filter Include="CMake Rules">
      <UniqueIdentifier>{9F04E105-DF61-3A06-82F1-81A8F98FE49C}</UniqueIdentifier>
    </Filter>
    <Filter Include="Include">
      <UniqueIdentifier>{D165ACE6-68B9-3D42-A6F6-4BB151A2AC2C}</UniqueIdentifier>
    </Filter>
    <Filter Include="Include\opencv2">
      <UniqueIdentifier>{F26D9B2C-E8A1-3D23-AD09-0A55652B7313}</UniqueIdentifier>
    </Filter>
    <Filter Include="Include\opencv2\calib3d">
      <UniqueIdentifier>{4388E9E8-C43F-3F4C-9015-E5DB5E08B0A0}</UniqueIdentifier>
    </Filter>
    <Filter Include="Source Files">
      <UniqueIdentifier>{6503EC47-8CB0-393C-9613-1E3DB81A3681}</UniqueIdentifier>
    </Filter>
    <Filter Include="Src">
      <UniqueIdentifier>{B2BD6A66-562C-345B-91A4-1E063B19BE1A}</UniqueIdentifier>
    </Filter>
    <Filter Include="Src\opencl">
      <UniqueIdentifier>{5CD72096-71B4-35A5-AD4F-C9BD2A001181}</UniqueIdentifier>
    </Filter>
    <Filter Include="Src\opencl\kernels">
      <UniqueIdentifier>{ECCBF625-0BB4-31CE-9001-81E83AA8651C}</UniqueIdentifier>
    </Filter>
    <Filter Include="Src\opencl\kernels\autogenerated">
      <UniqueIdentifier>{7F8F9B41-DDB6-30A3-8789-F6404D3B4C97}</UniqueIdentifier>
    </Filter>
  </ItemGroup>
</Project>
